// !$*UTF8*$!
{
	archiveVersion = 1;
	classes = {
	};
	objectVersion = 46;
	objects = {

/* Begin PBXBuildFile section */
		6D0D3D3E198CE66B00CBA63E /* AppDelegate.swift in Sources */ = {isa = PBXBuildFile; fileRef = 6D0D3D3D198CE66B00CBA63E /* AppDelegate.swift */; };
		6D0D3D40198CE66B00CBA63E /* ViewController.swift in Sources */ = {isa = PBXBuildFile; fileRef = 6D0D3D3F198CE66B00CBA63E /* ViewController.swift */; };
		6D0D3D43198CE66B00CBA63E /* Main.storyboard in Resources */ = {isa = PBXBuildFile; fileRef = 6D0D3D41198CE66B00CBA63E /* Main.storyboard */; };
		6D0D3D45198CE66B00CBA63E /* Images.xcassets in Resources */ = {isa = PBXBuildFile; fileRef = 6D0D3D44198CE66B00CBA63E /* Images.xcassets */; };
		6D0D3D51198CE66B00CBA63E /* InTouchTests.swift in Sources */ = {isa = PBXBuildFile; fileRef = 6D0D3D50198CE66B00CBA63E /* InTouchTests.swift */; };
/* End PBXBuildFile section */

/* Begin PBXContainerItemProxy section */
		6D0D3D4B198CE66B00CBA63E /* PBXContainerItemProxy */ = {
			isa = PBXContainerItemProxy;
			containerPortal = 6D0D3D30198CE66B00CBA63E /* Project object */;
			proxyType = 1;
			remoteGlobalIDString = 6D0D3D37198CE66B00CBA63E;
			remoteInfo = InTouch;
		};
/* End PBXContainerItemProxy section */

/* Begin PBXFileReference section */
		6D0D3D38198CE66B00CBA63E /* InTouch.app */ = {isa = PBXFileReference; explicitFileType = wrapper.application; includeInIndex = 0; path = InTouch.app; sourceTree = BUILT_PRODUCTS_DIR; };
		6D0D3D3C198CE66B00CBA63E /* Info.plist */ = {isa = PBXFileReference; lastKnownFileType = text.plist.xml; path = Info.plist; sourceTree = "<group>"; };
		6D0D3D3D198CE66B00CBA63E /* AppDelegate.swift */ = {isa = PBXFileReference; lastKnownFileType = sourcecode.swift; path = AppDelegate.swift; sourceTree = "<group>"; };
		6D0D3D3F198CE66B00CBA63E /* ViewController.swift */ = {isa = PBXFileReference; lastKnownFileType = sourcecode.swift; path = ViewController.swift; sourceTree = "<group>"; };
		6D0D3D42198CE66B00CBA63E /* Base */ = {isa = PBXFileReference; lastKnownFileType = file.storyboard; name = Base; path = Base.lproj/Main.storyboard; sourceTree = "<group>"; };
		6D0D3D44198CE66B00CBA63E /* Images.xcassets */ = {isa = PBXFileReference; lastKnownFileType = folder.assetcatalog; path = Images.xcassets; sourceTree = "<group>"; };
		6D0D3D4A198CE66B00CBA63E /* InTouchTests.xctest */ = {isa = PBXFileReference; explicitFileType = wrapper.cfbundle; includeInIndex = 0; path = InTouchTests.xctest; sourceTree = BUILT_PRODUCTS_DIR; };
		6D0D3D4F198CE66B00CBA63E /* Info.plist */ = {isa = PBXFileReference; lastKnownFileType = text.plist.xml; path = Info.plist; sourceTree = "<group>"; };
		6D0D3D50198CE66B00CBA63E /* InTouchTests.swift */ = {isa = PBXFileReference; lastKnownFileType = sourcecode.swift; path = InTouchTests.swift; sourceTree = "<group>"; };
/* End PBXFileReference section */

/* Begin PBXFrameworksBuildPhase section */
		6D0D3D35198CE66B00CBA63E /* Frameworks */ = {
			isa = PBXFrameworksBuildPhase;
			buildActionMask = 2147483647;
			files = (
			);
			runOnlyForDeploymentPostprocessing = 0;
		};
		6D0D3D47198CE66B00CBA63E /* Frameworks */ = {
			isa = PBXFrameworksBuildPhase;
			buildActionMask = 2147483647;
			files = (
			);
			runOnlyForDeploymentPostprocessing = 0;
		};
/* End PBXFrameworksBuildPhase section */

/* Begin PBXGroup section */
		6D0D3D2F198CE66B00CBA63E = {
			isa = PBXGroup;
			children = (
				6D0D3D3A198CE66B00CBA63E /* InTouch */,
				6D0D3D4D198CE66B00CBA63E /* InTouchTests */,
				6D0D3D39198CE66B00CBA63E /* Products */,
			);
			sourceTree = "<group>";
		};
		6D0D3D39198CE66B00CBA63E /* Products */ = {
			isa = PBXGroup;
			children = (
				6D0D3D38198CE66B00CBA63E /* InTouch.app */,
				6D0D3D4A198CE66B00CBA63E /* InTouchTests.xctest */,
			);
			name = Products;
			sourceTree = "<group>";
		};
		6D0D3D3A198CE66B00CBA63E /* InTouch */ = {
			isa = PBXGroup;
			children = (
				6D0D3D3D198CE66B00CBA63E /* AppDelegate.swift */,
				6D0D3D3F198CE66B00CBA63E /* ViewController.swift */,
				6D0D3D41198CE66B00CBA63E /* Main.storyboard */,
				6D0D3D44198CE66B00CBA63E /* Images.xcassets */,
				6D0D3D3B198CE66B00CBA63E /* Supporting Files */,
			);
			path = InTouch;
			sourceTree = "<group>";
		};
		6D0D3D3B198CE66B00CBA63E /* Supporting Files */ = {
			isa = PBXGroup;
			children = (
				6D0D3D3C198CE66B00CBA63E /* Info.plist */,
			);
			name = "Supporting Files";
			sourceTree = "<group>";
		};
		6D0D3D4D198CE66B00CBA63E /* InTouchTests */ = {
			isa = PBXGroup;
			children = (
				6D0D3D50198CE66B00CBA63E /* InTouchTests.swift */,
				6D0D3D4E198CE66B00CBA63E /* Supporting Files */,
			);
			path = InTouchTests;
			sourceTree = "<group>";
		};
		6D0D3D4E198CE66B00CBA63E /* Supporting Files */ = {
			isa = PBXGroup;
			children = (
				6D0D3D4F198CE66B00CBA63E /* Info.plist */,
			);
			name = "Supporting Files";
			sourceTree = "<group>";
		};
/* End PBXGroup section */

/* Begin PBXNativeTarget section */
		6D0D3D37198CE66B00CBA63E /* InTouch */ = {
			isa = PBXNativeTarget;
			buildConfigurationList = 6D0D3D54198CE66B00CBA63E /* Build configuration list for PBXNativeTarget "InTouch" */;
			buildPhases = (
				6D0D3D34198CE66B00CBA63E /* Sources */,
				6D0D3D35198CE66B00CBA63E /* Frameworks */,
				6D0D3D36198CE66B00CBA63E /* Resources */,
			);
			buildRules = (
			);
			dependencies = (
			);
			name = InTouch;
			productName = InTouch;
			productReference = 6D0D3D38198CE66B00CBA63E /* InTouch.app */;
			productType = "com.apple.product-type.application";
		};
		6D0D3D49198CE66B00CBA63E /* InTouchTests */ = {
			isa = PBXNativeTarget;
			buildConfigurationList = 6D0D3D57198CE66B00CBA63E /* Build configuration list for PBXNativeTarget "InTouchTests" */;
			buildPhases = (
				6D0D3D46198CE66B00CBA63E /* Sources */,
				6D0D3D47198CE66B00CBA63E /* Frameworks */,
				6D0D3D48198CE66B00CBA63E /* Resources */,
			);
			buildRules = (
			);
			dependencies = (
				6D0D3D4C198CE66B00CBA63E /* PBXTargetDependency */,
			);
			name = InTouchTests;
			productName = InTouchTests;
			productReference = 6D0D3D4A198CE66B00CBA63E /* InTouchTests.xctest */;
			productType = "com.apple.product-type.bundle.unit-test";
		};
/* End PBXNativeTarget section */

/* Begin PBXProject section */
		6D0D3D30198CE66B00CBA63E /* Project object */ = {
			isa = PBXProject;
			attributes = {
				LastUpgradeCheck = 0600;
				ORGANIZATIONNAME = "Matthew Knott";
				TargetAttributes = {
					6D0D3D37198CE66B00CBA63E = {
						CreatedOnToolsVersion = 6.0;
						DevelopmentTeam = KVL4M8L8Q9;
					};
					6D0D3D49198CE66B00CBA63E = {
						CreatedOnToolsVersion = 6.0;
						TestTargetID = 6D0D3D37198CE66B00CBA63E;
					};
				};
			};
			buildConfigurationList = 6D0D3D33198CE66B00CBA63E /* Build configuration list for PBXProject "InTouch" */;
			compatibilityVersion = "Xcode 3.2";
			developmentRegion = English;
			hasScannedForEncodings = 0;
			knownRegions = (
				en,
				Base,
			);
			mainGroup = 6D0D3D2F198CE66B00CBA63E;
			productRefGroup = 6D0D3D39198CE66B00CBA63E /* Products */;
			projectDirPath = "";
			projectRoot = "";
			targets = (
				6D0D3D37198CE66B00CBA63E /* InTouch */,
				6D0D3D49198CE66B00CBA63E /* InTouchTests */,
			);
		};
/* End PBXProject section */

/* Begin PBXResourcesBuildPhase section */
		6D0D3D36198CE66B00CBA63E /* Resources */ = {
			isa = PBXResourcesBuildPhase;
			buildActionMask = 2147483647;
			files = (
				6D0D3D43198CE66B00CBA63E /* Main.storyboard in Resources */,
				6D0D3D45198CE66B00CBA63E /* Images.xcassets in Resources */,
			);
			runOnlyForDeploymentPostprocessing = 0;
		};
		6D0D3D48198CE66B00CBA63E /* Resources */ = {
			isa = PBXResourcesBuildPhase;
			buildActionMask = 2147483647;
			files = (
			);
			runOnlyForDeploymentPostprocessing = 0;
		};
/* End PBXResourcesBuildPhase section */

/* Begin PBXSourcesBuildPhase section */
		6D0D3D34198CE66B00CBA63E /* Sources */ = {
			isa = PBXSourcesBuildPhase;
			buildActionMask = 2147483647;
			files = (
				6D0D3D40198CE66B00CBA63E /* ViewController.swift in Sources */,
				6D0D3D3E198CE66B00CBA63E /* AppDelegate.swift in Sources */,
			);
			runOnlyForDeploymentPostprocessing = 0;
		};
		6D0D3D46198CE66B00CBA63E /* Sources */ = {
			isa = PBXSourcesBuildPhase;
			buildActionMask = 2147483647;
			files = (
				6D0D3D51198CE66B00CBA63E /* InTouchTests.swift in Sources */,
			);
			runOnlyForDeploymentPostprocessing = 0;
		};
/* End PBXSourcesBuildPhase section */

/* Begin PBXTargetDependency section */
		6D0D3D4C198CE66B00CBA63E /* PBXTargetDependency */ = {
			isa = PBXTargetDependency;
			target = 6D0D3D37198CE66B00CBA63E /* InTouch */;
			targetProxy = 6D0D3D4B198CE66B00CBA63E /* PBXContainerItemProxy */;
		};
/* End PBXTargetDependency section */

/* Begin PBXVariantGroup section */
		6D0D3D41198CE66B00CBA63E /* Main.storyboard */ = {
			isa = PBXVariantGroup;
			children = (
				6D0D3D42198CE66B00CBA63E /* Base */,
			);
			name = Main.storyboard;
			sourceTree = "<group>";
		};
/* End PBXVariantGroup section */

/* Begin XCBuildConfiguration section */
		6D0D3D52198CE66B00CBA63E /* Debug */ = {
			isa = XCBuildConfiguration;
			buildSettings = {
				ALWAYS_SEARCH_USER_PATHS = NO;
				CLANG_CXX_LANGUAGE_STANDARD = "gnu++0x";
				CLANG_CXX_LIBRARY = "libc++";
				CLANG_ENABLE_MODULES = YES;
				CLANG_ENABLE_OBJC_ARC = YES;
				CLANG_WARN_BOOL_CONVERSION = YES;
				CLANG_WARN_CONSTANT_CONVERSION = YES;
				CLANG_WARN_DIRECT_OBJC_ISA_USAGE = YES_ERROR;
				CLANG_WARN_EMPTY_BODY = YES;
				CLANG_WARN_ENUM_CONVERSION = YES;
				CLANG_WARN_INT_CONVERSION = YES;
				CLANG_WARN_OBJC_ROOT_CLASS = YES_ERROR;
				CLANG_WARN_UNREACHABLE_CODE = YES;
				CLANG_WARN__DUPLICATE_METHOD_MATCH = YES;
				"CODE_SIGN_IDENTITY[sdk=iphoneos*]" = "iPhone Developer";
				COPY_PHASE_STRIP = NO;
				ENABLE_STRICT_OBJC_MSGSEND = YES;
				GCC_C_LANGUAGE_STANDARD = gnu99;
				GCC_DYNAMIC_NO_PIC = NO;
				GCC_OPTIMIZATION_LEVEL = 0;
				GCC_PREPROCESSOR_DEFINITIONS = (
					"DEBUG=1",
					"$(inherited)",
				);
				GCC_SYMBOLS_PRIVATE_EXTERN = NO;
				GCC_WARN_64_TO_32_BIT_CONVERSION = YES;
				GCC_WARN_ABOUT_RETURN_TYPE = YES_ERROR;
				GCC_WARN_UNDECLARED_SELECTOR = YES;
				GCC_WARN_UNINITIALIZED_AUTOS = YES_AGGRESSIVE;
				GCC_WARN_UNUSED_FUNCTION = YES;
				GCC_WARN_UNUSED_VARIABLE = YES;
				IPHONEOS_DEPLOYMENT_TARGET = 8.0;
				MTL_ENABLE_DEBUG_INFO = YES;
				ONLY_ACTIVE_ARCH = YES;
				SDKROOT = iphoneos;
				SWIFT_OPTIMIZATION_LEVEL = "-Onone";
			};
			name = Debug;
		};
		6D0D3D53198CE66B00CBA63E /* Release */ = {
			isa = XCBuildConfiguration;
			buildSettings = {
				ALWAYS_SEARCH_USER_PATHS = NO;
				CLANG_CXX_LANGUAGE_STANDARD = "gnu++0x";
				CLANG_CXX_LIBRARY = "libc++";
				CLANG_ENABLE_MODULES = YES;
				CLANG_ENABLE_OBJC_ARC = YES;
				CLANG_WARN_BOOL_CONVERSION = YES;
				CLANG_WARN_CONSTANT_CONVERSION = YES;
				CLANG_WARN_DIRECT_OBJC_ISA_USAGE = YES_ERROR;
				CLANG_WARN_EMPTY_BODY = YES;
				CLANG_WARN_ENUM_CONVERSION = YES;
				CLANG_WARN_INT_CONVERSION = YES;
				CLANG_WARN_OBJC_ROOT_CLASS = YES_ERROR;
				CLANG_WARN_UNREACHABLE_CODE = YES;
				CLANG_WARN__DUPLICATE_METHOD_MATCH = YES;
				"CODE_SIGN_IDENTITY[sdk=iphoneos*]" = "iPhone Developer";
				COPY_PHASE_STRIP = YES;
				ENABLE_NS_ASSERTIONS = NO;
				ENABLE_STRICT_OBJC_MSGSEND = YES;
				GCC_C_LANGUAGE_STANDARD = gnu99;
				GCC_WARN_64_TO_32_BIT_CONVERSION = YES;
				GCC_WARN_ABOUT_RETURN_TYPE = YES_ERROR;
				GCC_WARN_UNDECLARED_SELECTOR = YES;
				GCC_WARN_UNINITIALIZED_AUTOS = YES_AGGRESSIVE;
				GCC_WARN_UNUSED_FUNCTION = YES;
				GCC_WARN_UNUSED_VARIABLE = YES;
				IPHONEOS_DEPLOYMENT_TARGET = 8.0;
				MTL_ENABLE_DEBUG_INFO = NO;
				SDKROOT = iphoneos;
				VALIDATE_PRODUCT = YES;
			};
			name = Release;
		};
		6D0D3D55198CE66B00CBA63E /* Debug */ = {
			isa = XCBuildConfiguration;
			buildSettings = {
				ASSETCATALOG_COMPILER_APPICON_NAME = AppIcon;
				ASSETCATALOG_COMPILER_LAUNCHIMAGE_NAME = LaunchImage;
				INFOPLIST_FILE = InTouch/Info.plist;
				LD_RUNPATH_SEARCH_PATHS = "$(inherited) @executable_path/Frameworks";
				PRODUCT_NAME = "$(TARGET_NAME)";
			};
			name = Debug;
		};
		6D0D3D56198CE66B00CBA63E /* Release */ = {
			isa = XCBuildConfiguration;
			buildSettings = {
				ASSETCATALOG_COMPILER_APPICON_NAME = AppIcon;
				ASSETCATALOG_COMPILER_LAUNCHIMAGE_NAME = LaunchImage;
				INFOPLIST_FILE = InTouch/Info.plist;
				LD_RUNPATH_SEARCH_PATHS = "$(inherited) @executable_path/Frameworks";
				PRODUCT_NAME = "$(TARGET_NAME)";
			};
			name = Release;
		};
		6D0D3D58198CE66B00CBA63E /* Debug */ = {
			isa = XCBuildConfiguration;
			buildSettings = {
				BUNDLE_LOADER = "$(BUILT_PRODUCTS_DIR)/InTouch.app/InTouch";
				FRAMEWORK_SEARCH_PATHS = (
					"$(SDKROOT)/Developer/Library/Frameworks",
					"$(inherited)",
				);
				GCC_PREPROCESSOR_DEFINITIONS = (
					"DEBUG=1",
					"$(inherited)",
				);
				INFOPLIST_FILE = InTouchTests/Info.plist;
				LD_RUNPATH_SEARCH_PATHS = "$(inherited) @executable_path/Frameworks @loader_path/Frameworks";
				PRODUCT_NAME = "$(TARGET_NAME)";
				TEST_HOST = "$(BUNDLE_LOADER)";
			};
			name = Debug;
		};
		6D0D3D59198CE66B00CBA63E /* Release */ = {
			isa = XCBuildConfiguration;
			buildSettings = {
				BUNDLE_LOADER = "$(BUILT_PRODUCTS_DIR)/InTouch.app/InTouch";
				FRAMEWORK_SEARCH_PATHS = (
					"$(SDKROOT)/Developer/Library/Frameworks",
					"$(inherited)",
				);
				INFOPLIST_FILE = InTouchTests/Info.plist;
				LD_RUNPATH_SEARCH_PATHS = "$(inherited) @executable_path/Frameworks @loader_path/Frameworks";
				PRODUCT_NAME = "$(TARGET_NAME)";
				TEST_HOST = "$(BUNDLE_LOADER)";
			};
			name = Release;
		};
/* End XCBuildConfiguration section */

/* Begin XCConfigurationList section */
		6D0D3D33198CE66B00CBA63E /* Build configuration list for PBXProject "InTouch" */ = {
			isa = XCConfigurationList;
			buildConfigurations = (
				6D0D3D52198CE66B00CBA63E /* Debug */,
				6D0D3D53198CE66B00CBA63E /* Release */,
			);
			defaultConfigurationIsVisible = 0;
			defaultConfigurationName = Release;
		};
		6D0D3D54198CE66B00CBA63E /* Build configuration list for PBXNativeTarget "InTouch" */ = {
			isa = XCConfigurationList;
			buildConfigurations = (
				6D0D3D55198CE66B00CBA63E /* Debug */,
				6D0D3D56198CE66B00CBA63E /* Release */,
			);
			defaultConfigurationIsVisible = 0;
			defaultConfigurationName = Release;
		};
		6D0D3D57198CE66B00CBA63E /* Build configuration list for PBXNativeTarget "InTouchTests" */ = {
			isa = XCConfigurationList;
			buildConfigurations = (
				6D0D3D58198CE66B00CBA63E /* Debug */,
				6D0D3D59198CE66B00CBA63E /* Release */,
			);
			defaultConfigurationIsVisible = 0;
			defaultConfigurationName = Release;
		};
/* End XCConfigurationList section */
	};
	rootObject = 6D0D3D30198CE66B00CBA63E /* Project object */;
}
