// !$*UTF8*$!
{
	archiveVersion = 1;
	classes = {
	};
	objectVersion = 46;
	objects = {

/* Begin PBXBuildFile section */
		6DDB46AE1D3B6F7A00DEF56D /* AppDelegate.swift in Sources */ = {isa = PBXBuildFile; fileRef = 6DDB46AD1D3B6F7A00DEF56D /* AppDelegate.swift */; };
		6DDB46B01D3B6F7A00DEF56D /* ViewController.swift in Sources */ = {isa = PBXBuildFile; fileRef = 6DDB46AF1D3B6F7A00DEF56D /* ViewController.swift */; };
		6DDB46B31D3B6F7A00DEF56D /* Main.storyboard in Resources */ = {isa = PBXBuildFile; fileRef = 6DDB46B11D3B6F7A00DEF56D /* Main.storyboard */; };
		6DDB46B51D3B6F7A00DEF56D /* Assets.xcassets in Resources */ = {isa = PBXBuildFile; fileRef = 6DDB46B41D3B6F7A00DEF56D /* Assets.xcassets */; };
		6DDB46B81D3B6F7A00DEF56D /* LaunchScreen.storyboard in Resources */ = {isa = PBXBuildFile; fileRef = 6DDB46B61D3B6F7A00DEF56D /* LaunchScreen.storyboard */; };
/* End PBXBuildFile section */

/* Begin PBXFileReference section */
		6DDB46AA1D3B6F7A00DEF56D /* InTouch.app */ = {isa = PBXFileReference; explicitFileType = wrapper.application; includeInIndex = 0; path = InTouch.app; sourceTree = BUILT_PRODUCTS_DIR; };
		6DDB46AD1D3B6F7A00DEF56D /* AppDelegate.swift */ = {isa = PBXFileReference; lastKnownFileType = sourcecode.swift; path = AppDelegate.swift; sourceTree = "<group>"; };
		6DDB46AF1D3B6F7A00DEF56D /* ViewController.swift */ = {isa = PBXFileReference; lastKnownFileType = sourcecode.swift; path = ViewController.swift; sourceTree = "<group>"; };
		6DDB46B21D3B6F7A00DEF56D /* Base */ = {isa = PBXFileReference; lastKnownFileType = file.storyboard; name = Base; path = Base.lproj/Main.storyboard; sourceTree = "<group>"; };
		6DDB46B41D3B6F7A00DEF56D /* Assets.xcassets */ = {isa = PBXFileReference; lastKnownFileType = folder.assetcatalog; path = Assets.xcassets; sourceTree = "<group>"; };
		6DDB46B71D3B6F7A00DEF56D /* Base */ = {isa = PBXFileReference; lastKnownFileType = file.storyboard; name = Base; path = Base.lproj/LaunchScreen.storyboard; sourceTree = "<group>"; };
		6DDB46B91D3B6F7A00DEF56D /* Info.plist */ = {isa = PBXFileReference; lastKnownFileType = text.plist.xml; path = Info.plist; sourceTree = "<group>"; };
/* End PBXFileReference section */

/* Begin PBXFrameworksBuildPhase section */
		6DDB46A71D3B6F7900DEF56D /* Frameworks */ = {
			isa = PBXFrameworksBuildPhase;
			buildActionMask = 2147483647;
			files = (
			);
			runOnlyForDeploymentPostprocessing = 0;
		};
/* End PBXFrameworksBuildPhase section */

/* Begin PBXGroup section */
		6DDB46A11D3B6F7900DEF56D = {
			isa = PBXGroup;
			children = (
				6DDB46AC1D3B6F7A00DEF56D /* InTouch */,
				6DDB46AB1D3B6F7A00DEF56D /* Products */,
			);
			sourceTree = "<group>";
		};
		6DDB46AB1D3B6F7A00DEF56D /* Products */ = {
			isa = PBXGroup;
			children = (
				6DDB46AA1D3B6F7A00DEF56D /* InTouch.app */,
			);
			name = Products;
			sourceTree = "<group>";
		};
		6DDB46AC1D3B6F7A00DEF56D /* InTouch */ = {
			isa = PBXGroup;
			children = (
				6DDB46AD1D3B6F7A00DEF56D /* AppDelegate.swift */,
				6DDB46AF1D3B6F7A00DEF56D /* ViewController.swift */,
				6DDB46B11D3B6F7A00DEF56D /* Main.storyboard */,
				6DDB46B41D3B6F7A00DEF56D /* Assets.xcassets */,
				6DDB46B61D3B6F7A00DEF56D /* LaunchScreen.storyboard */,
				6DDB46B91D3B6F7A00DEF56D /* Info.plist */,
			);
			path = InTouch;
			sourceTree = "<group>";
		};
/* End PBXGroup section */

/* Begin PBXNativeTarget section */
		6DDB46A91D3B6F7900DEF56D /* InTouch */ = {
			isa = PBXNativeTarget;
			buildConfigurationList = 6DDB46BC1D3B6F7A00DEF56D /* Build configuration list for PBXNativeTarget "InTouch" */;
			buildPhases = (
				6DDB46A61D3B6F7900DEF56D /* Sources */,
				6DDB46A71D3B6F7900DEF56D /* Frameworks */,
				6DDB46A81D3B6F7900DEF56D /* Resources */,
			);
			buildRules = (
			);
			dependencies = (
			);
			name = InTouch;
			productName = InTouch;
			productReference = 6DDB46AA1D3B6F7A00DEF56D /* InTouch.app */;
			productType = "com.apple.product-type.application";
		};
/* End PBXNativeTarget section */

/* Begin PBXProject section */
		6DDB46A21D3B6F7900DEF56D /* Project object */ = {
			isa = PBXProject;
			attributes = {
				LastSwiftUpdateCheck = 0800;
				LastUpgradeCheck = 0800;
				ORGANIZATIONNAME = "Matthew Knott";
				TargetAttributes = {
					6DDB46A91D3B6F7900DEF56D = {
						CreatedOnToolsVersion = 8.0;
						DevelopmentTeam = 5N7G663MV4;
						ProvisioningStyle = Automatic;
					};
				};
			};
			buildConfigurationList = 6DDB46A51D3B6F7900DEF56D /* Build configuration list for PBXProject "InTouch" */;
			compatibilityVersion = "Xcode 3.2";
			developmentRegion = English;
			hasScannedForEncodings = 0;
			knownRegions = (
				en,
				Base,
			);
			mainGroup = 6DDB46A11D3B6F7900DEF56D;
			productRefGroup = 6DDB46AB1D3B6F7A00DEF56D /* Products */;
			projectDirPath = "";
			projectRoot = "";
			targets = (
				6DDB46A91D3B6F7900DEF56D /* InTouch */,
			);
		};
/* End PBXProject section */

/* Begin PBXResourcesBuildPhase section */
		6DDB46A81D3B6F7900DEF56D /* Resources */ = {
			isa = PBXResourcesBuildPhase;
			buildActionMask = 2147483647;
			files = (
				6DDB46B81D3B6F7A00DEF56D /* LaunchScreen.storyboard in Resources */,
				6DDB46B51D3B6F7A00DEF56D /* Assets.xcassets in Resources */,
				6DDB46B31D3B6F7A00DEF56D /* Main.storyboard in Resources */,
			);
			runOnlyForDeploymentPostprocessing = 0;
		};
/* End PBXResourcesBuildPhase section */

/* Begin PBXSourcesBuildPhase section */
		6DDB46A61D3B6F7900DEF56D /* Sources */ = {
			isa = PBXSourcesBuildPhase;
			buildActionMask = 2147483647;
			files = (
				6DDB46B01D3B6F7A00DEF56D /* ViewController.swift in Sources */,
				6DDB46AE1D3B6F7A00DEF56D /* AppDelegate.swift in Sources */,
			);
			runOnlyForDeploymentPostprocessing = 0;
		};
/* End PBXSourcesBuildPhase section */

/* Begin PBXVariantGroup section */
		6DDB46B11D3B6F7A00DEF56D /* Main.storyboard */ = {
			isa = PBXVariantGroup;
			children = (
				6DDB46B21D3B6F7A00DEF56D /* Base */,
			);
			name = Main.storyboard;
			sourceTree = "<group>";
		};
		6DDB46B61D3B6F7A00DEF56D /* LaunchScreen.storyboard */ = {
			isa = PBXVariantGroup;
			children = (
				6DDB46B71D3B6F7A00DEF56D /* Base */,
			);
			name = LaunchScreen.storyboard;
			sourceTree = "<group>";
		};
/* End PBXVariantGroup section */

/* Begin XCBuildConfiguration section */
		6DDB46BA1D3B6F7A00DEF56D /* Debug */ = {
			isa = XCBuildConfiguration;
			buildSettings = {
				ALWAYS_SEARCH_USER_PATHS = NO;
				CLANG_ANALYZER_NONNULL = YES;
				CLANG_CXX_LANGUAGE_STANDARD = "gnu++0x";
				CLANG_CXX_LIBRARY = "libc++";
				CLANG_ENABLE_MODULES = YES;
				CLANG_ENABLE_OBJC_ARC = YES;
				CLANG_WARN_BOOL_CONVERSION = YES;
				CLANG_WARN_CONSTANT_CONVERSION = YES;
				CLANG_WARN_DIRECT_OBJC_ISA_USAGE = YES_ERROR;
				CLANG_WARN_DOCUMENTATION_COMMENTS = YES;
				CLANG_WARN_EMPTY_BODY = YES;
				CLANG_WARN_ENUM_CONVERSION = YES;
				CLANG_WARN_INT_CONVERSION = YES;
				CLANG_WARN_OBJC_ROOT_CLASS = YES_ERROR;
				CLANG_WARN_UNREACHABLE_CODE = YES;
				CLANG_WARN__DUPLICATE_METHOD_MATCH = YES;
				"CODE_SIGN_IDENTITY[sdk=iphoneos*]" = "iPhone Developer";
				COPY_PHASE_STRIP = NO;
				DEBUG_INFORMATION_FORMAT = dwarf;
				ENABLE_STRICT_OBJC_MSGSEND = YES;
				ENABLE_TESTABILITY = YES;
				GCC_C_LANGUAGE_STANDARD = gnu99;
				GCC_DYNAMIC_NO_PIC = NO;
				GCC_NO_COMMON_BLOCKS = YES;
				GCC_OPTIMIZATION_LEVEL = 0;
				GCC_PREPROCESSOR_DEFINITIONS = (
					"DEBUG=1",
					"$(inherited)",
				);
				GCC_WARN_64_TO_32_BIT_CONVERSION = YES;
				GCC_WARN_ABOUT_RETURN_TYPE = YES_ERROR;
				GCC_WARN_UNDECLARED_SELECTOR = YES;
				GCC_WARN_UNINITIALIZED_AUTOS = YES_AGGRESSIVE;
				GCC_WARN_UNUSED_FUNCTION = YES;
				GCC_WARN_UNUSED_VARIABLE = YES;
				IPHONEOS_DEPLOYMENT_TARGET = 10.0;
				MTL_ENABLE_DEBUG_INFO = YES;
				ONLY_ACTIVE_ARCH = YES;
				SDKROOT = iphoneos;
				SWIFT_ACTIVE_COMPILATION_CONDITIONS = DEBUG;
				SWIFT_OPTIMIZATION_LEVEL = "-Onone";
				TARGETED_DEVICE_FAMILY = "1,2";
			};
			name = Debug;
		};
		6DDB46BB1D3B6F7A00DEF56D /* Release */ = {
			isa = XCBuildConfiguration;
			buildSettings = {
				ALWAYS_SEARCH_USER_PATHS = NO;
				CLANG_ANALYZER_NONNULL = YES;
				CLANG_CXX_LANGUAGE_STANDARD = "gnu++0x";
				CLANG_CXX_LIBRARY = "libc++";
				CLANG_ENABLE_MODULES = YES;
				CLANG_ENABLE_OBJC_ARC = YES;
				CLANG_WARN_BOOL_CONVERSION = YES;
				CLANG_WARN_CONSTANT_CONVERSION = YES;
				CLANG_WARN_DIRECT_OBJC_ISA_USAGE = YES_ERROR;
				CLANG_WARN_DOCUMENTATION_COMMENTS = YES;
				CLANG_WARN_EMPTY_BODY = YES;
				CLANG_WARN_ENUM_CONVERSION = YES;
				CLANG_WARN_INT_CONVERSION = YES;
				CLANG_WARN_OBJC_ROOT_CLASS = YES_ERROR;
				CLANG_WARN_UNREACHABLE_CODE = YES;
				CLANG_WARN__DUPLICATE_METHOD_MATCH = YES;
				"CODE_SIGN_IDENTITY[sdk=iphoneos*]" = "iPhone Developer";
				COPY_PHASE_STRIP = NO;
				DEBUG_INFORMATION_FORMAT = "dwarf-with-dsym";
				ENABLE_NS_ASSERTIONS = NO;
				ENABLE_STRICT_OBJC_MSGSEND = YES;
				GCC_C_LANGUAGE_STANDARD = gnu99;
				GCC_NO_COMMON_BLOCKS = YES;
				GCC_WARN_64_TO_32_BIT_CONVERSION = YES;
				GCC_WARN_ABOUT_RETURN_TYPE = YES_ERROR;
				GCC_WARN_UNDECLARED_SELECTOR = YES;
				GCC_WARN_UNINITIALIZED_AUTOS = YES_AGGRESSIVE;
				GCC_WARN_UNUSED_FUNCTION = YES;
				GCC_WARN_UNUSED_VARIABLE = YES;
				IPHONEOS_DEPLOYMENT_TARGET = 10.0;
				MTL_ENABLE_DEBUG_INFO = NO;
				SDKROOT = iphoneos;
				SWIFT_OPTIMIZATION_LEVEL = "-Owholemodule";
				TARGETED_DEVICE_FAMILY = "1,2";
				VALIDATE_PRODUCT = YES;
			};
			name = Release;
		};
		6DDB46BD1D3B6F7A00DEF56D /* Debug */ = {
			isa = XCBuildConfiguration;
			buildSettings = {
				ASSETCATALOG_COMPILER_APPICON_NAME = AppIcon;
				DEVELOPMENT_TEAM = 5N7G663MV4;
				INFOPLIST_FILE = InTouch/Info.plist;
				LD_RUNPATH_SEARCH_PATHS = "$(inherited) @executable_path/Frameworks";
				PRODUCT_BUNDLE_IDENTIFIER = com.mattknott.InTouch;
				PRODUCT_NAME = "$(TARGET_NAME)";
				SWIFT_VERSION = 3.0;
			};
			name = Debug;
		};
		6DDB46BE1D3B6F7A00DEF56D /* Release */ = {
			isa = XCBuildConfiguration;
			buildSettings = {
				ASSETCATALOG_COMPILER_APPICON_NAME = AppIcon;
				DEVELOPMENT_TEAM = 5N7G663MV4;
				INFOPLIST_FILE = InTouch/Info.plist;
				LD_RUNPATH_SEARCH_PATHS = "$(inherited) @executable_path/Frameworks";
				PRODUCT_BUNDLE_IDENTIFIER = com.mattknott.InTouch;
				PRODUCT_NAME = "$(TARGET_NAME)";
				SWIFT_VERSION = 3.0;
			};
			name = Release;
		};
/* End XCBuildConfiguration section */

/* Begin XCConfigurationList section */
		6DDB46A51D3B6F7900DEF56D /* Build configuration list for PBXProject "InTouch" */ = {
			isa = XCConfigurationList;
			buildConfigurations = (
				6DDB46BA1D3B6F7A00DEF56D /* Debug */,
				6DDB46BB1D3B6F7A00DEF56D /* Release */,
			);
			defaultConfigurationIsVisible = 0;
			defaultConfigurationName = Release;
		};
		6DDB46BC1D3B6F7A00DEF56D /* Build configuration list for PBXNativeTarget "InTouch" */ = {
			isa = XCConfigurationList;
			buildConfigurations = (
				6DDB46BD1D3B6F7A00DEF56D /* Debug */,
				6DDB46BE1D3B6F7A00DEF56D /* Release */,
			);
			defaultConfigurationIsVisible = 0;
			defaultConfigurationName = Release;
		};
/* End XCConfigurationList section */
	};
	rootObject = 6DDB46A21D3B6F7900DEF56D /* Project object */;
}
