// !$*UTF8*$!
{
	archiveVersion = 1;
	classes = {
	};
	objectVersion = 46;
	objects = {

/* Begin PBXBuildFile section */
		6DEBF4211D4CB1BC00E89B31 /* AppDelegate.swift in Sources */ = {isa = PBXBuildFile; fileRef = 6DEBF4201D4CB1BC00E89B31 /* AppDelegate.swift */; };
		6DEBF4231D4CB1BC00E89B31 /* ViewController.swift in Sources */ = {isa = PBXBuildFile; fileRef = 6DEBF4221D4CB1BC00E89B31 /* ViewController.swift */; };
		6DEBF4261D4CB1BC00E89B31 /* Main.storyboard in Resources */ = {isa = PBXBuildFile; fileRef = 6DEBF4241D4CB1BC00E89B31 /* Main.storyboard */; };
		6DEBF4281D4CB1BC00E89B31 /* Assets.xcassets in Resources */ = {isa = PBXBuildFile; fileRef = 6DEBF4271D4CB1BC00E89B31 /* Assets.xcassets */; };
		6DEBF42B1D4CB1BC00E89B31 /* LaunchScreen.storyboard in Resources */ = {isa = PBXBuildFile; fileRef = 6DEBF4291D4CB1BC00E89B31 /* LaunchScreen.storyboard */; };
		6DEBF4341D4CB45600E89B31 /* MapKit.framework in Frameworks */ = {isa = PBXBuildFile; fileRef = 6DEBF4331D4CB45600E89B31 /* MapKit.framework */; };
		6DEBF4361D4CC8A000E89B31 /* MyPin.swift in Sources */ = {isa = PBXBuildFile; fileRef = 6DEBF4351D4CC8A000E89B31 /* MyPin.swift */; };
		6DEBF4391D4CCB1900E89B31 /* ViewController.swift in Sources */ = {isa = PBXBuildFile; fileRef = 6DEBF4221D4CB1BC00E89B31 /* ViewController.swift */; };
		6DEBF43A1D4CCB1900E89B31 /* AppDelegate.swift in Sources */ = {isa = PBXBuildFile; fileRef = 6DEBF4201D4CB1BC00E89B31 /* AppDelegate.swift */; };
		6DEBF43B1D4CCB1900E89B31 /* MyPin.swift in Sources */ = {isa = PBXBuildFile; fileRef = 6DEBF4351D4CC8A000E89B31 /* MyPin.swift */; };
		6DEBF43D1D4CCB1900E89B31 /* MapKit.framework in Frameworks */ = {isa = PBXBuildFile; fileRef = 6DEBF4331D4CB45600E89B31 /* MapKit.framework */; };
		6DEBF43F1D4CCB1900E89B31 /* LaunchScreen.storyboard in Resources */ = {isa = PBXBuildFile; fileRef = 6DEBF4291D4CB1BC00E89B31 /* LaunchScreen.storyboard */; };
		6DEBF4401D4CCB1900E89B31 /* Assets.xcassets in Resources */ = {isa = PBXBuildFile; fileRef = 6DEBF4271D4CB1BC00E89B31 /* Assets.xcassets */; };
		6DEBF4411D4CCB1900E89B31 /* Main.storyboard in Resources */ = {isa = PBXBuildFile; fileRef = 6DEBF4241D4CB1BC00E89B31 /* Main.storyboard */; };
/* End PBXBuildFile section */

/* Begin PBXFileReference section */
		6DEBF41D1D4CB1BC00E89B31 /* MapPin.app */ = {isa = PBXFileReference; explicitFileType = wrapper.application; includeInIndex = 0; path = MapPin.app; sourceTree = BUILT_PRODUCTS_DIR; };
		6DEBF4201D4CB1BC00E89B31 /* AppDelegate.swift */ = {isa = PBXFileReference; lastKnownFileType = sourcecode.swift; path = AppDelegate.swift; sourceTree = "<group>"; };
		6DEBF4221D4CB1BC00E89B31 /* ViewController.swift */ = {isa = PBXFileReference; lastKnownFileType = sourcecode.swift; path = ViewController.swift; sourceTree = "<group>"; };
		6DEBF4251D4CB1BC00E89B31 /* Base */ = {isa = PBXFileReference; lastKnownFileType = file.storyboard; name = Base; path = Base.lproj/Main.storyboard; sourceTree = "<group>"; };
		6DEBF4271D4CB1BC00E89B31 /* Assets.xcassets */ = {isa = PBXFileReference; lastKnownFileType = folder.assetcatalog; path = Assets.xcassets; sourceTree = "<group>"; };
		6DEBF42A1D4CB1BC00E89B31 /* Base */ = {isa = PBXFileReference; lastKnownFileType = file.storyboard; name = Base; path = Base.lproj/LaunchScreen.storyboard; sourceTree = "<group>"; };
		6DEBF42C1D4CB1BC00E89B31 /* Info.plist */ = {isa = PBXFileReference; lastKnownFileType = text.plist.xml; path = Info.plist; sourceTree = "<group>"; };
		6DEBF4331D4CB45600E89B31 /* MapKit.framework */ = {isa = PBXFileReference; lastKnownFileType = wrapper.framework; name = MapKit.framework; path = System/Library/Frameworks/MapKit.framework; sourceTree = SDKROOT; };
		6DEBF4351D4CC8A000E89B31 /* MyPin.swift */ = {isa = PBXFileReference; fileEncoding = 4; lastKnownFileType = sourcecode.swift; path = MyPin.swift; sourceTree = "<group>"; };
		6DEBF4451D4CCB1900E89B31 /* MapPinSatellite.app */ = {isa = PBXFileReference; explicitFileType = wrapper.application; includeInIndex = 0; path = MapPinSatellite.app; sourceTree = BUILT_PRODUCTS_DIR; };
		6DEBF4461D4CCB1900E89B31 /* MapPinSatellite-Info.plist */ = {isa = PBXFileReference; lastKnownFileType = text.plist.xml; name = "MapPinSatellite-Info.plist"; path = "/Users/matthewknott/Desktop/BX4/Source/Swift3/Chapter9/MapPin/MapPinSatellite-Info.plist"; sourceTree = "<absolute>"; };
/* End PBXFileReference section */

/* Begin PBXFrameworksBuildPhase section */
		6DEBF41A1D4CB1BC00E89B31 /* Frameworks */ = {
			isa = PBXFrameworksBuildPhase;
			buildActionMask = 2147483647;
			files = (
				6DEBF4341D4CB45600E89B31 /* MapKit.framework in Frameworks */,
			);
			runOnlyForDeploymentPostprocessing = 0;
		};
		6DEBF43C1D4CCB1900E89B31 /* Frameworks */ = {
			isa = PBXFrameworksBuildPhase;
			buildActionMask = 2147483647;
			files = (
				6DEBF43D1D4CCB1900E89B31 /* MapKit.framework in Frameworks */,
			);
			runOnlyForDeploymentPostprocessing = 0;
		};
/* End PBXFrameworksBuildPhase section */

/* Begin PBXGroup section */
		6DEBF4141D4CB1BC00E89B31 = {
			isa = PBXGroup;
			children = (
				6DEBF41F1D4CB1BC00E89B31 /* MapPin */,
				6DEBF41E1D4CB1BC00E89B31 /* Products */,
				6DEBF4321D4CB45600E89B31 /* Frameworks */,
				6DEBF4461D4CCB1900E89B31 /* MapPinSatellite-Info.plist */,
			);
			sourceTree = "<group>";
		};
		6DEBF41E1D4CB1BC00E89B31 /* Products */ = {
			isa = PBXGroup;
			children = (
				6DEBF41D1D4CB1BC00E89B31 /* MapPin.app */,
				6DEBF4451D4CCB1900E89B31 /* MapPinSatellite.app */,
			);
			name = Products;
			sourceTree = "<group>";
		};
		6DEBF41F1D4CB1BC00E89B31 /* MapPin */ = {
			isa = PBXGroup;
			children = (
				6DEBF4201D4CB1BC00E89B31 /* AppDelegate.swift */,
				6DEBF4221D4CB1BC00E89B31 /* ViewController.swift */,
				6DEBF4241D4CB1BC00E89B31 /* Main.storyboard */,
				6DEBF4351D4CC8A000E89B31 /* MyPin.swift */,
				6DEBF4271D4CB1BC00E89B31 /* Assets.xcassets */,
				6DEBF4291D4CB1BC00E89B31 /* LaunchScreen.storyboard */,
				6DEBF42C1D4CB1BC00E89B31 /* Info.plist */,
			);
			path = MapPin;
			sourceTree = "<group>";
		};
		6DEBF4321D4CB45600E89B31 /* Frameworks */ = {
			isa = PBXGroup;
			children = (
				6DEBF4331D4CB45600E89B31 /* MapKit.framework */,
			);
			name = Frameworks;
			sourceTree = "<group>";
		};
/* End PBXGroup section */

/* Begin PBXNativeTarget section */
		6DEBF41C1D4CB1BC00E89B31 /* MapPin */ = {
			isa = PBXNativeTarget;
			buildConfigurationList = 6DEBF42F1D4CB1BC00E89B31 /* Build configuration list for PBXNativeTarget "MapPin" */;
			buildPhases = (
				6DEBF4191D4CB1BC00E89B31 /* Sources */,
				6DEBF41A1D4CB1BC00E89B31 /* Frameworks */,
				6DEBF41B1D4CB1BC00E89B31 /* Resources */,
			);
			buildRules = (
			);
			dependencies = (
			);
			name = MapPin;
			productName = MapPin;
			productReference = 6DEBF41D1D4CB1BC00E89B31 /* MapPin.app */;
			productType = "com.apple.product-type.application";
		};
		6DEBF4371D4CCB1900E89B31 /* MapPinSatellite */ = {
			isa = PBXNativeTarget;
			buildConfigurationList = 6DEBF4421D4CCB1900E89B31 /* Build configuration list for PBXNativeTarget "MapPinSatellite" */;
			buildPhases = (
				6DEBF4381D4CCB1900E89B31 /* Sources */,
				6DEBF43C1D4CCB1900E89B31 /* Frameworks */,
				6DEBF43E1D4CCB1900E89B31 /* Resources */,
			);
			buildRules = (
			);
			dependencies = (
			);
			name = MapPinSatellite;
			productName = MapPin;
			productReference = 6DEBF4451D4CCB1900E89B31 /* MapPinSatellite.app */;
			productType = "com.apple.product-type.application";
		};
/* End PBXNativeTarget section */

/* Begin PBXProject section */
		6DEBF4151D4CB1BC00E89B31 /* Project object */ = {
			isa = PBXProject;
			attributes = {
				LastSwiftUpdateCheck = 0800;
				LastUpgradeCheck = 0800;
				ORGANIZATIONNAME = "Matthew Knott";
				TargetAttributes = {
					6DEBF41C1D4CB1BC00E89B31 = {
						CreatedOnToolsVersion = 8.0;
						ProvisioningStyle = Automatic;
					};
				};
			};
			buildConfigurationList = 6DEBF4181D4CB1BC00E89B31 /* Build configuration list for PBXProject "MapPin" */;
			compatibilityVersion = "Xcode 3.2";
			developmentRegion = English;
			hasScannedForEncodings = 0;
			knownRegions = (
				en,
				Base,
			);
			mainGroup = 6DEBF4141D4CB1BC00E89B31;
			productRefGroup = 6DEBF41E1D4CB1BC00E89B31 /* Products */;
			projectDirPath = "";
			projectRoot = "";
			targets = (
				6DEBF41C1D4CB1BC00E89B31 /* MapPin */,
				6DEBF4371D4CCB1900E89B31 /* MapPinSatellite */,
			);
		};
/* End PBXProject section */

/* Begin PBXResourcesBuildPhase section */
		6DEBF41B1D4CB1BC00E89B31 /* Resources */ = {
			isa = PBXResourcesBuildPhase;
			buildActionMask = 2147483647;
			files = (
				6DEBF42B1D4CB1BC00E89B31 /* LaunchScreen.storyboard in Resources */,
				6DEBF4281D4CB1BC00E89B31 /* Assets.xcassets in Resources */,
				6DEBF4261D4CB1BC00E89B31 /* Main.storyboard in Resources */,
			);
			runOnlyForDeploymentPostprocessing = 0;
		};
		6DEBF43E1D4CCB1900E89B31 /* Resources */ = {
			isa = PBXResourcesBuildPhase;
			buildActionMask = 2147483647;
			files = (
				6DEBF43F1D4CCB1900E89B31 /* LaunchScreen.storyboard in Resources */,
				6DEBF4401D4CCB1900E89B31 /* Assets.xcassets in Resources */,
				6DEBF4411D4CCB1900E89B31 /* Main.storyboard in Resources */,
			);
			runOnlyForDeploymentPostprocessing = 0;
		};
/* End PBXResourcesBuildPhase section */

/* Begin PBXSourcesBuildPhase section */
		6DEBF4191D4CB1BC00E89B31 /* Sources */ = {
			isa = PBXSourcesBuildPhase;
			buildActionMask = 2147483647;
			files = (
				6DEBF4231D4CB1BC00E89B31 /* ViewController.swift in Sources */,
				6DEBF4211D4CB1BC00E89B31 /* AppDelegate.swift in Sources */,
				6DEBF4361D4CC8A000E89B31 /* MyPin.swift in Sources */,
			);
			runOnlyForDeploymentPostprocessing = 0;
		};
		6DEBF4381D4CCB1900E89B31 /* Sources */ = {
			isa = PBXSourcesBuildPhase;
			buildActionMask = 2147483647;
			files = (
				6DEBF4391D4CCB1900E89B31 /* ViewController.swift in Sources */,
				6DEBF43A1D4CCB1900E89B31 /* AppDelegate.swift in Sources */,
				6DEBF43B1D4CCB1900E89B31 /* MyPin.swift in Sources */,
			);
			runOnlyForDeploymentPostprocessing = 0;
		};
/* End PBXSourcesBuildPhase section */

/* Begin PBXVariantGroup section */
		6DEBF4241D4CB1BC00E89B31 /* Main.storyboard */ = {
			isa = PBXVariantGroup;
			children = (
				6DEBF4251D4CB1BC00E89B31 /* Base */,
			);
			name = Main.storyboard;
			sourceTree = "<group>";
		};
		6DEBF4291D4CB1BC00E89B31 /* LaunchScreen.storyboard */ = {
			isa = PBXVariantGroup;
			children = (
				6DEBF42A1D4CB1BC00E89B31 /* Base */,
			);
			name = LaunchScreen.storyboard;
			sourceTree = "<group>";
		};
/* End PBXVariantGroup section */

/* Begin XCBuildConfiguration section */
		6DEBF42D1D4CB1BC00E89B31 /* Debug */ = {
			isa = XCBuildConfiguration;
			buildSettings = {
				ALWAYS_SEARCH_USER_PATHS = NO;
				CLANG_ANALYZER_NONNULL = YES;
				CLANG_CXX_LANGUAGE_STANDARD = "gnu++0x";
				CLANG_CXX_LIBRARY = "libc++";
				CLANG_ENABLE_MODULES = YES;
				CLANG_ENABLE_OBJC_ARC = YES;
				CLANG_WARN_BOOL_CONVERSION = YES;
				CLANG_WARN_CONSTANT_CONVERSION = YES;
				CLANG_WARN_DIRECT_OBJC_ISA_USAGE = YES_ERROR;
				CLANG_WARN_DOCUMENTATION_COMMENTS = YES;
				CLANG_WARN_EMPTY_BODY = YES;
				CLANG_WARN_ENUM_CONVERSION = YES;
				CLANG_WARN_INT_CONVERSION = YES;
				CLANG_WARN_OBJC_ROOT_CLASS = YES_ERROR;
				CLANG_WARN_UNREACHABLE_CODE = YES;
				CLANG_WARN__DUPLICATE_METHOD_MATCH = YES;
				"CODE_SIGN_IDENTITY[sdk=iphoneos*]" = "iPhone Developer";
				COPY_PHASE_STRIP = NO;
				DEBUG_INFORMATION_FORMAT = dwarf;
				ENABLE_STRICT_OBJC_MSGSEND = YES;
				ENABLE_TESTABILITY = YES;
				GCC_C_LANGUAGE_STANDARD = gnu99;
				GCC_DYNAMIC_NO_PIC = NO;
				GCC_NO_COMMON_BLOCKS = YES;
				GCC_OPTIMIZATION_LEVEL = 0;
				GCC_PREPROCESSOR_DEFINITIONS = (
					"DEBUG=1",
					"$(inherited)",
				);
				GCC_WARN_64_TO_32_BIT_CONVERSION = YES;
				GCC_WARN_ABOUT_RETURN_TYPE = YES_ERROR;
				GCC_WARN_UNDECLARED_SELECTOR = YES;
				GCC_WARN_UNINITIALIZED_AUTOS = YES_AGGRESSIVE;
				GCC_WARN_UNUSED_FUNCTION = YES;
				GCC_WARN_UNUSED_VARIABLE = YES;
				IPHONEOS_DEPLOYMENT_TARGET = 10.0;
				MTL_ENABLE_DEBUG_INFO = YES;
				ONLY_ACTIVE_ARCH = YES;
				SDKROOT = iphoneos;
				SWIFT_ACTIVE_COMPILATION_CONDITIONS = DEBUG;
				SWIFT_OPTIMIZATION_LEVEL = "-Onone";
			};
			name = Debug;
		};
		6DEBF42E1D4CB1BC00E89B31 /* Release */ = {
			isa = XCBuildConfiguration;
			buildSettings = {
				ALWAYS_SEARCH_USER_PATHS = NO;
				CLANG_ANALYZER_NONNULL = YES;
				CLANG_CXX_LANGUAGE_STANDARD = "gnu++0x";
				CLANG_CXX_LIBRARY = "libc++";
				CLANG_ENABLE_MODULES = YES;
				CLANG_ENABLE_OBJC_ARC = YES;
				CLANG_WARN_BOOL_CONVERSION = YES;
				CLANG_WARN_CONSTANT_CONVERSION = YES;
				CLANG_WARN_DIRECT_OBJC_ISA_USAGE = YES_ERROR;
				CLANG_WARN_DOCUMENTATION_COMMENTS = YES;
				CLANG_WARN_EMPTY_BODY = YES;
				CLANG_WARN_ENUM_CONVERSION = YES;
				CLANG_WARN_INT_CONVERSION = YES;
				CLANG_WARN_OBJC_ROOT_CLASS = YES_ERROR;
				CLANG_WARN_UNREACHABLE_CODE = YES;
				CLANG_WARN__DUPLICATE_METHOD_MATCH = YES;
				"CODE_SIGN_IDENTITY[sdk=iphoneos*]" = "iPhone Developer";
				COPY_PHASE_STRIP = NO;
				DEBUG_INFORMATION_FORMAT = "dwarf-with-dsym";
				ENABLE_NS_ASSERTIONS = NO;
				ENABLE_STRICT_OBJC_MSGSEND = YES;
				GCC_C_LANGUAGE_STANDARD = gnu99;
				GCC_NO_COMMON_BLOCKS = YES;
				GCC_WARN_64_TO_32_BIT_CONVERSION = YES;
				GCC_WARN_ABOUT_RETURN_TYPE = YES_ERROR;
				GCC_WARN_UNDECLARED_SELECTOR = YES;
				GCC_WARN_UNINITIALIZED_AUTOS = YES_AGGRESSIVE;
				GCC_WARN_UNUSED_FUNCTION = YES;
				GCC_WARN_UNUSED_VARIABLE = YES;
				IPHONEOS_DEPLOYMENT_TARGET = 10.0;
				MTL_ENABLE_DEBUG_INFO = NO;
				SDKROOT = iphoneos;
				SWIFT_OPTIMIZATION_LEVEL = "-Owholemodule";
				VALIDATE_PRODUCT = YES;
			};
			name = Release;
		};
		6DEBF4301D4CB1BC00E89B31 /* Debug */ = {
			isa = XCBuildConfiguration;
			buildSettings = {
				ASSETCATALOG_COMPILER_APPICON_NAME = AppIcon;
				INFOPLIST_FILE = MapPin/Info.plist;
				LD_RUNPATH_SEARCH_PATHS = "$(inherited) @executable_path/Frameworks";
				PRODUCT_BUNDLE_IDENTIFIER = com.mattknott.MapPin;
				PRODUCT_NAME = "$(TARGET_NAME)";
				SWIFT_VERSION = 3.0;
			};
			name = Debug;
		};
		6DEBF4311D4CB1BC00E89B31 /* Release */ = {
			isa = XCBuildConfiguration;
			buildSettings = {
				ASSETCATALOG_COMPILER_APPICON_NAME = AppIcon;
				INFOPLIST_FILE = MapPin/Info.plist;
				LD_RUNPATH_SEARCH_PATHS = "$(inherited) @executable_path/Frameworks";
				PRODUCT_BUNDLE_IDENTIFIER = com.mattknott.MapPin;
				PRODUCT_NAME = "$(TARGET_NAME)";
				SWIFT_VERSION = 3.0;
			};
			name = Release;
		};
		6DEBF4431D4CCB1900E89B31 /* Debug */ = {
			isa = XCBuildConfiguration;
			buildSettings = {
				ASSETCATALOG_COMPILER_APPICON_NAME = AppIcon;
				INFOPLIST_FILE = "MapPinSatellite-Info.plist";
				LD_RUNPATH_SEARCH_PATHS = "$(inherited) @executable_path/Frameworks";
				PRODUCT_BUNDLE_IDENTIFIER = com.mattknott.MapPinSatellite;
				PRODUCT_NAME = "$(TARGET_NAME)";
				SWIFT_VERSION = 3.0;
			};
			name = Debug;
		};
		6DEBF4441D4CCB1900E89B31 /* Release */ = {
			isa = XCBuildConfiguration;
			buildSettings = {
				ASSETCATALOG_COMPILER_APPICON_NAME = AppIcon;
				INFOPLIST_FILE = "MapPinSatellite-Info.plist";
				LD_RUNPATH_SEARCH_PATHS = "$(inherited) @executable_path/Frameworks";
				PRODUCT_BUNDLE_IDENTIFIER = com.mattknott.MapPinSatellite;
				PRODUCT_NAME = "$(TARGET_NAME)";
				SWIFT_VERSION = 3.0;
			};
			name = Release;
		};
/* End XCBuildConfiguration section */

/* Begin XCConfigurationList section */
		6DEBF4181D4CB1BC00E89B31 /* Build configuration list for PBXProject "MapPin" */ = {
			isa = XCConfigurationList;
			buildConfigurations = (
				6DEBF42D1D4CB1BC00E89B31 /* Debug */,
				6DEBF42E1D4CB1BC00E89B31 /* Release */,
			);
			defaultConfigurationIsVisible = 0;
			defaultConfigurationName = Release;
		};
		6DEBF42F1D4CB1BC00E89B31 /* Build configuration list for PBXNativeTarget "MapPin" */ = {
			isa = XCConfigurationList;
			buildConfigurations = (
				6DEBF4301D4CB1BC00E89B31 /* Debug */,
				6DEBF4311D4CB1BC00E89B31 /* Release */,
			);
			defaultConfigurationIsVisible = 0;
			defaultConfigurationName = Release;
		};
		6DEBF4421D4CCB1900E89B31 /* Build configuration list for PBXNativeTarget "MapPinSatellite" */ = {
			isa = XCConfigurationList;
			buildConfigurations = (
				6DEBF4431D4CCB1900E89B31 /* Debug */,
				6DEBF4441D4CCB1900E89B31 /* Release */,
			);
			defaultConfigurationIsVisible = 0;
			defaultConfigurationName = Release;
		};
/* End XCConfigurationList section */
	};
	rootObject = 6DEBF4151D4CB1BC00E89B31 /* Project object */;
}
