// !$*UTF8*$!
{
	archiveVersion = 1;
	classes = {
	};
	objectVersion = 46;
	objects = {

/* Begin PBXBuildFile section */
		6D06CEF01D4CD32100E7F25C /* AppDelegate.swift in Sources */ = {isa = PBXBuildFile; fileRef = 6D06CEEF1D4CD32100E7F25C /* AppDelegate.swift */; };
		6D06CEF41D4CD32100E7F25C /* Actions.sks in Resources */ = {isa = PBXBuildFile; fileRef = 6D06CEF31D4CD32100E7F25C /* Actions.sks */; };
		6D06CEF61D4CD32100E7F25C /* GameScene.swift in Sources */ = {isa = PBXBuildFile; fileRef = 6D06CEF51D4CD32100E7F25C /* GameScene.swift */; };
		6D06CEF81D4CD32100E7F25C /* GameViewController.swift in Sources */ = {isa = PBXBuildFile; fileRef = 6D06CEF71D4CD32100E7F25C /* GameViewController.swift */; };
		6D06CEFB1D4CD32100E7F25C /* Main.storyboard in Resources */ = {isa = PBXBuildFile; fileRef = 6D06CEF91D4CD32100E7F25C /* Main.storyboard */; };
		6D06CEFD1D4CD32100E7F25C /* Assets.xcassets in Resources */ = {isa = PBXBuildFile; fileRef = 6D06CEFC1D4CD32100E7F25C /* Assets.xcassets */; };
		6D06CF001D4CD32100E7F25C /* LaunchScreen.storyboard in Resources */ = {isa = PBXBuildFile; fileRef = 6D06CEFE1D4CD32100E7F25C /* LaunchScreen.storyboard */; };
		6D06CF0C1D4CF76E00E7F25C /* GameScene.sks in Resources */ = {isa = PBXBuildFile; fileRef = 6D06CF0B1D4CF76E00E7F25C /* GameScene.sks */; };
/* End PBXBuildFile section */

/* Begin PBXFileReference section */
		6D06CEEC1D4CD32100E7F25C /* AlienDev.app */ = {isa = PBXFileReference; explicitFileType = wrapper.application; includeInIndex = 0; path = AlienDev.app; sourceTree = BUILT_PRODUCTS_DIR; };
		6D06CEEF1D4CD32100E7F25C /* AppDelegate.swift */ = {isa = PBXFileReference; lastKnownFileType = sourcecode.swift; path = AppDelegate.swift; sourceTree = "<group>"; };
		6D06CEF31D4CD32100E7F25C /* Actions.sks */ = {isa = PBXFileReference; lastKnownFileType = file.sks; path = Actions.sks; sourceTree = "<group>"; };
		6D06CEF51D4CD32100E7F25C /* GameScene.swift */ = {isa = PBXFileReference; lastKnownFileType = sourcecode.swift; path = GameScene.swift; sourceTree = "<group>"; };
		6D06CEF71D4CD32100E7F25C /* GameViewController.swift */ = {isa = PBXFileReference; lastKnownFileType = sourcecode.swift; path = GameViewController.swift; sourceTree = "<group>"; };
		6D06CEFA1D4CD32100E7F25C /* Base */ = {isa = PBXFileReference; lastKnownFileType = file.storyboard; name = Base; path = Base.lproj/Main.storyboard; sourceTree = "<group>"; };
		6D06CEFC1D4CD32100E7F25C /* Assets.xcassets */ = {isa = PBXFileReference; lastKnownFileType = folder.assetcatalog; path = Assets.xcassets; sourceTree = "<group>"; };
		6D06CEFF1D4CD32100E7F25C /* Base */ = {isa = PBXFileReference; lastKnownFileType = file.storyboard; name = Base; path = Base.lproj/LaunchScreen.storyboard; sourceTree = "<group>"; };
		6D06CF011D4CD32100E7F25C /* Info.plist */ = {isa = PBXFileReference; lastKnownFileType = text.plist.xml; path = Info.plist; sourceTree = "<group>"; };
		6D06CF0B1D4CF76E00E7F25C /* GameScene.sks */ = {isa = PBXFileReference; lastKnownFileType = file.sks; path = GameScene.sks; sourceTree = "<group>"; };
/* End PBXFileReference section */

/* Begin PBXFrameworksBuildPhase section */
		6D06CEE91D4CD32100E7F25C /* Frameworks */ = {
			isa = PBXFrameworksBuildPhase;
			buildActionMask = 2147483647;
			files = (
			);
			runOnlyForDeploymentPostprocessing = 0;
		};
/* End PBXFrameworksBuildPhase section */

/* Begin PBXGroup section */
		6D06CEE31D4CD32100E7F25C = {
			isa = PBXGroup;
			children = (
				6D06CEEE1D4CD32100E7F25C /* AlienDev */,
				6D06CEED1D4CD32100E7F25C /* Products */,
			);
			sourceTree = "<group>";
		};
		6D06CEED1D4CD32100E7F25C /* Products */ = {
			isa = PBXGroup;
			children = (
				6D06CEEC1D4CD32100E7F25C /* AlienDev.app */,
			);
			name = Products;
			sourceTree = "<group>";
		};
		6D06CEEE1D4CD32100E7F25C /* AlienDev */ = {
			isa = PBXGroup;
			children = (
				6D06CF0B1D4CF76E00E7F25C /* GameScene.sks */,
				6D06CEEF1D4CD32100E7F25C /* AppDelegate.swift */,
				6D06CEF31D4CD32100E7F25C /* Actions.sks */,
				6D06CEF51D4CD32100E7F25C /* GameScene.swift */,
				6D06CEF71D4CD32100E7F25C /* GameViewController.swift */,
				6D06CEF91D4CD32100E7F25C /* Main.storyboard */,
				6D06CEFC1D4CD32100E7F25C /* Assets.xcassets */,
				6D06CEFE1D4CD32100E7F25C /* LaunchScreen.storyboard */,
				6D06CF011D4CD32100E7F25C /* Info.plist */,
			);
			path = AlienDev;
			sourceTree = "<group>";
		};
/* End PBXGroup section */

/* Begin PBXNativeTarget section */
		6D06CEEB1D4CD32100E7F25C /* AlienDev */ = {
			isa = PBXNativeTarget;
			buildConfigurationList = 6D06CF041D4CD32100E7F25C /* Build configuration list for PBXNativeTarget "AlienDev" */;
			buildPhases = (
				6D06CEE81D4CD32100E7F25C /* Sources */,
				6D06CEE91D4CD32100E7F25C /* Frameworks */,
				6D06CEEA1D4CD32100E7F25C /* Resources */,
			);
			buildRules = (
			);
			dependencies = (
			);
			name = AlienDev;
			productName = AlienDev;
			productReference = 6D06CEEC1D4CD32100E7F25C /* AlienDev.app */;
			productType = "com.apple.product-type.application";
		};
/* End PBXNativeTarget section */

/* Begin PBXProject section */
		6D06CEE41D4CD32100E7F25C /* Project object */ = {
			isa = PBXProject;
			attributes = {
				LastSwiftUpdateCheck = 0800;
				LastUpgradeCheck = 0800;
				ORGANIZATIONNAME = "Matthew Knott";
				TargetAttributes = {
					6D06CEEB1D4CD32100E7F25C = {
						CreatedOnToolsVersion = 8.0;
						ProvisioningStyle = Automatic;
					};
				};
			};
			buildConfigurationList = 6D06CEE71D4CD32100E7F25C /* Build configuration list for PBXProject "AlienDev" */;
			compatibilityVersion = "Xcode 3.2";
			developmentRegion = English;
			hasScannedForEncodings = 0;
			knownRegions = (
				en,
				Base,
			);
			mainGroup = 6D06CEE31D4CD32100E7F25C;
			productRefGroup = 6D06CEED1D4CD32100E7F25C /* Products */;
			projectDirPath = "";
			projectRoot = "";
			targets = (
				6D06CEEB1D4CD32100E7F25C /* AlienDev */,
			);
		};
/* End PBXProject section */

/* Begin PBXResourcesBuildPhase section */
		6D06CEEA1D4CD32100E7F25C /* Resources */ = {
			isa = PBXResourcesBuildPhase;
			buildActionMask = 2147483647;
			files = (
				6D06CEFB1D4CD32100E7F25C /* Main.storyboard in Resources */,
				6D06CF0C1D4CF76E00E7F25C /* GameScene.sks in Resources */,
				6D06CEFD1D4CD32100E7F25C /* Assets.xcassets in Resources */,
				6D06CF001D4CD32100E7F25C /* LaunchScreen.storyboard in Resources */,
				6D06CEF41D4CD32100E7F25C /* Actions.sks in Resources */,
			);
			runOnlyForDeploymentPostprocessing = 0;
		};
/* End PBXResourcesBuildPhase section */

/* Begin PBXSourcesBuildPhase section */
		6D06CEE81D4CD32100E7F25C /* Sources */ = {
			isa = PBXSourcesBuildPhase;
			buildActionMask = 2147483647;
			files = (
				6D06CEF61D4CD32100E7F25C /* GameScene.swift in Sources */,
				6D06CEF81D4CD32100E7F25C /* GameViewController.swift in Sources */,
				6D06CEF01D4CD32100E7F25C /* AppDelegate.swift in Sources */,
			);
			runOnlyForDeploymentPostprocessing = 0;
		};
/* End PBXSourcesBuildPhase section */

/* Begin PBXVariantGroup section */
		6D06CEF91D4CD32100E7F25C /* Main.storyboard */ = {
			isa = PBXVariantGroup;
			children = (
				6D06CEFA1D4CD32100E7F25C /* Base */,
			);
			name = Main.storyboard;
			sourceTree = "<group>";
		};
		6D06CEFE1D4CD32100E7F25C /* LaunchScreen.storyboard */ = {
			isa = PBXVariantGroup;
			children = (
				6D06CEFF1D4CD32100E7F25C /* Base */,
			);
			name = LaunchScreen.storyboard;
			sourceTree = "<group>";
		};
/* End PBXVariantGroup section */

/* Begin XCBuildConfiguration section */
		6D06CF021D4CD32100E7F25C /* Debug */ = {
			isa = XCBuildConfiguration;
			buildSettings = {
				ALWAYS_SEARCH_USER_PATHS = NO;
				CLANG_ANALYZER_NONNULL = YES;
				CLANG_CXX_LANGUAGE_STANDARD = "gnu++0x";
				CLANG_CXX_LIBRARY = "libc++";
				CLANG_ENABLE_MODULES = YES;
				CLANG_ENABLE_OBJC_ARC = YES;
				CLANG_WARN_BOOL_CONVERSION = YES;
				CLANG_WARN_CONSTANT_CONVERSION = YES;
				CLANG_WARN_DIRECT_OBJC_ISA_USAGE = YES_ERROR;
				CLANG_WARN_DOCUMENTATION_COMMENTS = YES;
				CLANG_WARN_EMPTY_BODY = YES;
				CLANG_WARN_ENUM_CONVERSION = YES;
				CLANG_WARN_INT_CONVERSION = YES;
				CLANG_WARN_OBJC_ROOT_CLASS = YES_ERROR;
				CLANG_WARN_UNREACHABLE_CODE = YES;
				CLANG_WARN__DUPLICATE_METHOD_MATCH = YES;
				"CODE_SIGN_IDENTITY[sdk=iphoneos*]" = "iPhone Developer";
				COPY_PHASE_STRIP = NO;
				DEBUG_INFORMATION_FORMAT = dwarf;
				ENABLE_STRICT_OBJC_MSGSEND = YES;
				ENABLE_TESTABILITY = YES;
				GCC_C_LANGUAGE_STANDARD = gnu99;
				GCC_DYNAMIC_NO_PIC = NO;
				GCC_NO_COMMON_BLOCKS = YES;
				GCC_OPTIMIZATION_LEVEL = 0;
				GCC_PREPROCESSOR_DEFINITIONS = (
					"DEBUG=1",
					"$(inherited)",
				);
				GCC_WARN_64_TO_32_BIT_CONVERSION = YES;
				GCC_WARN_ABOUT_RETURN_TYPE = YES_ERROR;
				GCC_WARN_UNDECLARED_SELECTOR = YES;
				GCC_WARN_UNINITIALIZED_AUTOS = YES_AGGRESSIVE;
				GCC_WARN_UNUSED_FUNCTION = YES;
				GCC_WARN_UNUSED_VARIABLE = YES;
				IPHONEOS_DEPLOYMENT_TARGET = 10.0;
				MTL_ENABLE_DEBUG_INFO = YES;
				ONLY_ACTIVE_ARCH = YES;
				SDKROOT = iphoneos;
				SWIFT_ACTIVE_COMPILATION_CONDITIONS = DEBUG;
				SWIFT_OPTIMIZATION_LEVEL = "-Onone";
			};
			name = Debug;
		};
		6D06CF031D4CD32100E7F25C /* Release */ = {
			isa = XCBuildConfiguration;
			buildSettings = {
				ALWAYS_SEARCH_USER_PATHS = NO;
				CLANG_ANALYZER_NONNULL = YES;
				CLANG_CXX_LANGUAGE_STANDARD = "gnu++0x";
				CLANG_CXX_LIBRARY = "libc++";
				CLANG_ENABLE_MODULES = YES;
				CLANG_ENABLE_OBJC_ARC = YES;
				CLANG_WARN_BOOL_CONVERSION = YES;
				CLANG_WARN_CONSTANT_CONVERSION = YES;
				CLANG_WARN_DIRECT_OBJC_ISA_USAGE = YES_ERROR;
				CLANG_WARN_DOCUMENTATION_COMMENTS = YES;
				CLANG_WARN_EMPTY_BODY = YES;
				CLANG_WARN_ENUM_CONVERSION = YES;
				CLANG_WARN_INT_CONVERSION = YES;
				CLANG_WARN_OBJC_ROOT_CLASS = YES_ERROR;
				CLANG_WARN_UNREACHABLE_CODE = YES;
				CLANG_WARN__DUPLICATE_METHOD_MATCH = YES;
				"CODE_SIGN_IDENTITY[sdk=iphoneos*]" = "iPhone Developer";
				COPY_PHASE_STRIP = NO;
				DEBUG_INFORMATION_FORMAT = "dwarf-with-dsym";
				ENABLE_NS_ASSERTIONS = NO;
				ENABLE_STRICT_OBJC_MSGSEND = YES;
				GCC_C_LANGUAGE_STANDARD = gnu99;
				GCC_NO_COMMON_BLOCKS = YES;
				GCC_WARN_64_TO_32_BIT_CONVERSION = YES;
				GCC_WARN_ABOUT_RETURN_TYPE = YES_ERROR;
				GCC_WARN_UNDECLARED_SELECTOR = YES;
				GCC_WARN_UNINITIALIZED_AUTOS = YES_AGGRESSIVE;
				GCC_WARN_UNUSED_FUNCTION = YES;
				GCC_WARN_UNUSED_VARIABLE = YES;
				IPHONEOS_DEPLOYMENT_TARGET = 10.0;
				MTL_ENABLE_DEBUG_INFO = NO;
				SDKROOT = iphoneos;
				SWIFT_OPTIMIZATION_LEVEL = "-Owholemodule";
				VALIDATE_PRODUCT = YES;
			};
			name = Release;
		};
		6D06CF051D4CD32100E7F25C /* Debug */ = {
			isa = XCBuildConfiguration;
			buildSettings = {
				ASSETCATALOG_COMPILER_APPICON_NAME = AppIcon;
				INFOPLIST_FILE = AlienDev/Info.plist;
				LD_RUNPATH_SEARCH_PATHS = "$(inherited) @executable_path/Frameworks";
				PRODUCT_BUNDLE_IDENTIFIER = com.mattknott.AlienDev;
				PRODUCT_NAME = "$(TARGET_NAME)";
				SWIFT_VERSION = 3.0;
			};
			name = Debug;
		};
		6D06CF061D4CD32100E7F25C /* Release */ = {
			isa = XCBuildConfiguration;
			buildSettings = {
				ASSETCATALOG_COMPILER_APPICON_NAME = AppIcon;
				INFOPLIST_FILE = AlienDev/Info.plist;
				LD_RUNPATH_SEARCH_PATHS = "$(inherited) @executable_path/Frameworks";
				PRODUCT_BUNDLE_IDENTIFIER = com.mattknott.AlienDev;
				PRODUCT_NAME = "$(TARGET_NAME)";
				SWIFT_VERSION = 3.0;
			};
			name = Release;
		};
/* End XCBuildConfiguration section */

/* Begin XCConfigurationList section */
		6D06CEE71D4CD32100E7F25C /* Build configuration list for PBXProject "AlienDev" */ = {
			isa = XCConfigurationList;
			buildConfigurations = (
				6D06CF021D4CD32100E7F25C /* Debug */,
				6D06CF031D4CD32100E7F25C /* Release */,
			);
			defaultConfigurationIsVisible = 0;
			defaultConfigurationName = Release;
		};
		6D06CF041D4CD32100E7F25C /* Build configuration list for PBXNativeTarget "AlienDev" */ = {
			isa = XCConfigurationList;
			buildConfigurations = (
				6D06CF051D4CD32100E7F25C /* Debug */,
				6D06CF061D4CD32100E7F25C /* Release */,
			);
			defaultConfigurationIsVisible = 0;
		};
/* End XCConfigurationList section */
	};
	rootObject = 6D06CEE41D4CD32100E7F25C /* Project object */;
}
