// !$*UTF8*$!
{
	archiveVersion = 1;
	classes = {
	};
	objectVersion = 46;
	objects = {

/* Begin PBXBuildFile section */
		6D0AE77B19A67A9E00F62529 /* AppDelegate.swift in Sources */ = {isa = PBXBuildFile; fileRef = 6D0AE77A19A67A9E00F62529 /* AppDelegate.swift */; };
		6D0AE77D19A67A9E00F62529 /* ViewController.swift in Sources */ = {isa = PBXBuildFile; fileRef = 6D0AE77C19A67A9E00F62529 /* ViewController.swift */; };
		6D0AE78019A67A9E00F62529 /* Main.storyboard in Resources */ = {isa = PBXBuildFile; fileRef = 6D0AE77E19A67A9E00F62529 /* Main.storyboard */; };
		6D0AE78E19A67A9E00F62529 /* SayMyNameTests.swift in Sources */ = {isa = PBXBuildFile; fileRef = 6D0AE78D19A67A9E00F62529 /* SayMyNameTests.swift */; };
		6D0AE79819A67B0400F62529 /* TextToSpeech.swift in Sources */ = {isa = PBXBuildFile; fileRef = 6D0AE79719A67B0400F62529 /* TextToSpeech.swift */; };
		6D0AE79F19A6934B00F62529 /* logo.png in Resources */ = {isa = PBXBuildFile; fileRef = 6D0AE7A219A6934B00F62529 /* logo.png */; };
		6D0AE7A019A6934B00F62529 /* logo.png in Resources */ = {isa = PBXBuildFile; fileRef = 6D0AE7A219A6934B00F62529 /* logo.png */; };
		6D0AE7A419A693E700F62529 /* Localizable.strings in Resources */ = {isa = PBXBuildFile; fileRef = 6D0AE7A619A693E700F62529 /* Localizable.strings */; };
		6D32FCBF19EB014700F704E4 /* Images.xcassets in Resources */ = {isa = PBXBuildFile; fileRef = 6D32FCBE19EB014700F704E4 /* Images.xcassets */; };
		6D820CFB19EAF435009250EC /* LaunchScreen.xib in Resources */ = {isa = PBXBuildFile; fileRef = 6D820CFA19EAF435009250EC /* LaunchScreen.xib */; };
/* End PBXBuildFile section */

/* Begin PBXContainerItemProxy section */
		6D0AE78819A67A9E00F62529 /* PBXContainerItemProxy */ = {
			isa = PBXContainerItemProxy;
			containerPortal = 6D0AE76D19A67A9E00F62529 /* Project object */;
			proxyType = 1;
			remoteGlobalIDString = 6D0AE77419A67A9E00F62529;
			remoteInfo = SayMyName;
		};
/* End PBXContainerItemProxy section */

/* Begin PBXFileReference section */
		6D0AE77519A67A9E00F62529 /* SayMyName.app */ = {isa = PBXFileReference; explicitFileType = wrapper.application; includeInIndex = 0; path = SayMyName.app; sourceTree = BUILT_PRODUCTS_DIR; };
		6D0AE77919A67A9E00F62529 /* Info.plist */ = {isa = PBXFileReference; lastKnownFileType = text.plist.xml; path = Info.plist; sourceTree = "<group>"; };
		6D0AE77A19A67A9E00F62529 /* AppDelegate.swift */ = {isa = PBXFileReference; lastKnownFileType = sourcecode.swift; path = AppDelegate.swift; sourceTree = "<group>"; };
		6D0AE77C19A67A9E00F62529 /* ViewController.swift */ = {isa = PBXFileReference; lastKnownFileType = sourcecode.swift; path = ViewController.swift; sourceTree = "<group>"; };
		6D0AE77F19A67A9E00F62529 /* Base */ = {isa = PBXFileReference; lastKnownFileType = file.storyboard; name = Base; path = Base.lproj/Main.storyboard; sourceTree = "<group>"; };
		6D0AE78719A67A9E00F62529 /* SayMyNameTests.xctest */ = {isa = PBXFileReference; explicitFileType = wrapper.cfbundle; includeInIndex = 0; path = SayMyNameTests.xctest; sourceTree = BUILT_PRODUCTS_DIR; };
		6D0AE78C19A67A9E00F62529 /* Info.plist */ = {isa = PBXFileReference; lastKnownFileType = text.plist.xml; path = Info.plist; sourceTree = "<group>"; };
		6D0AE78D19A67A9E00F62529 /* SayMyNameTests.swift */ = {isa = PBXFileReference; lastKnownFileType = sourcecode.swift; path = SayMyNameTests.swift; sourceTree = "<group>"; };
		6D0AE79719A67B0400F62529 /* TextToSpeech.swift */ = {isa = PBXFileReference; fileEncoding = 4; lastKnownFileType = sourcecode.swift; path = TextToSpeech.swift; sourceTree = "<group>"; };
		6D0AE79E19A6914000F62529 /* es */ = {isa = PBXFileReference; lastKnownFileType = text.plist.strings; name = es; path = es.lproj/Main.strings; sourceTree = "<group>"; };
		6D0AE7A119A6934B00F62529 /* Base */ = {isa = PBXFileReference; lastKnownFileType = image.png; name = Base; path = Base.lproj/logo.png; sourceTree = "<group>"; };
		6D0AE7A319A6935600F62529 /* es */ = {isa = PBXFileReference; lastKnownFileType = image.png; name = es; path = es.lproj/logo.png; sourceTree = "<group>"; };
		6D0AE7A519A693E700F62529 /* Base */ = {isa = PBXFileReference; lastKnownFileType = text.plist.strings; name = Base; path = Base.lproj/Localizable.strings; sourceTree = "<group>"; };
		6D0AE7A719A693E900F62529 /* es */ = {isa = PBXFileReference; lastKnownFileType = text.plist.strings; name = es; path = es.lproj/Localizable.strings; sourceTree = "<group>"; };
		6D32FCBE19EB014700F704E4 /* Images.xcassets */ = {isa = PBXFileReference; lastKnownFileType = folder.assetcatalog; path = Images.xcassets; sourceTree = "<group>"; };
		6D820CFA19EAF435009250EC /* LaunchScreen.xib */ = {isa = PBXFileReference; fileEncoding = 4; lastKnownFileType = file.xib; name = LaunchScreen.xib; path = ../LaunchScreen.xib; sourceTree = "<group>"; };
/* End PBXFileReference section */

/* Begin PBXFrameworksBuildPhase section */
		6D0AE77219A67A9E00F62529 /* Frameworks */ = {
			isa = PBXFrameworksBuildPhase;
			buildActionMask = 2147483647;
			files = (
			);
			runOnlyForDeploymentPostprocessing = 0;
		};
		6D0AE78419A67A9E00F62529 /* Frameworks */ = {
			isa = PBXFrameworksBuildPhase;
			buildActionMask = 2147483647;
			files = (
			);
			runOnlyForDeploymentPostprocessing = 0;
		};
/* End PBXFrameworksBuildPhase section */

/* Begin PBXGroup section */
		6D0AE76C19A67A9E00F62529 = {
			isa = PBXGroup;
			children = (
				6D0AE77719A67A9E00F62529 /* SayMyName */,
				6D0AE78A19A67A9E00F62529 /* SayMyNameTests */,
				6D0AE77619A67A9E00F62529 /* Products */,
			);
			sourceTree = "<group>";
		};
		6D0AE77619A67A9E00F62529 /* Products */ = {
			isa = PBXGroup;
			children = (
				6D0AE77519A67A9E00F62529 /* SayMyName.app */,
				6D0AE78719A67A9E00F62529 /* SayMyNameTests.xctest */,
			);
			name = Products;
			sourceTree = "<group>";
		};
		6D0AE77719A67A9E00F62529 /* SayMyName */ = {
			isa = PBXGroup;
			children = (
				6D0AE77A19A67A9E00F62529 /* AppDelegate.swift */,
				6D0AE77C19A67A9E00F62529 /* ViewController.swift */,
				6D0AE77E19A67A9E00F62529 /* Main.storyboard */,
				6D0AE77819A67A9E00F62529 /* Supporting Files */,
				6D0AE79719A67B0400F62529 /* TextToSpeech.swift */,
				6D32FCBE19EB014700F704E4 /* Images.xcassets */,
				6D0AE7A619A693E700F62529 /* Localizable.strings */,
				6D820CFA19EAF435009250EC /* LaunchScreen.xib */,
			);
			path = SayMyName;
			sourceTree = "<group>";
		};
		6D0AE77819A67A9E00F62529 /* Supporting Files */ = {
			isa = PBXGroup;
			children = (
				6D0AE7A219A6934B00F62529 /* logo.png */,
				6D0AE77919A67A9E00F62529 /* Info.plist */,
			);
			name = "Supporting Files";
			sourceTree = "<group>";
		};
		6D0AE78A19A67A9E00F62529 /* SayMyNameTests */ = {
			isa = PBXGroup;
			children = (
				6D0AE78D19A67A9E00F62529 /* SayMyNameTests.swift */,
				6D0AE78B19A67A9E00F62529 /* Supporting Files */,
			);
			path = SayMyNameTests;
			sourceTree = "<group>";
		};
		6D0AE78B19A67A9E00F62529 /* Supporting Files */ = {
			isa = PBXGroup;
			children = (
				6D0AE78C19A67A9E00F62529 /* Info.plist */,
			);
			name = "Supporting Files";
			sourceTree = "<group>";
		};
/* End PBXGroup section */

/* Begin PBXNativeTarget section */
		6D0AE77419A67A9E00F62529 /* SayMyName */ = {
			isa = PBXNativeTarget;
			buildConfigurationList = 6D0AE79119A67A9E00F62529 /* Build configuration list for PBXNativeTarget "SayMyName" */;
			buildPhases = (
				6D0AE77119A67A9E00F62529 /* Sources */,
				6D0AE77219A67A9E00F62529 /* Frameworks */,
				6D0AE77319A67A9E00F62529 /* Resources */,
			);
			buildRules = (
			);
			dependencies = (
			);
			name = SayMyName;
			productName = SayMyName;
			productReference = 6D0AE77519A67A9E00F62529 /* SayMyName.app */;
			productType = "com.apple.product-type.application";
		};
		6D0AE78619A67A9E00F62529 /* SayMyNameTests */ = {
			isa = PBXNativeTarget;
			buildConfigurationList = 6D0AE79419A67A9E00F62529 /* Build configuration list for PBXNativeTarget "SayMyNameTests" */;
			buildPhases = (
				6D0AE78319A67A9E00F62529 /* Sources */,
				6D0AE78419A67A9E00F62529 /* Frameworks */,
				6D0AE78519A67A9E00F62529 /* Resources */,
			);
			buildRules = (
			);
			dependencies = (
				6D0AE78919A67A9E00F62529 /* PBXTargetDependency */,
			);
			name = SayMyNameTests;
			productName = SayMyNameTests;
			productReference = 6D0AE78719A67A9E00F62529 /* SayMyNameTests.xctest */;
			productType = "com.apple.product-type.bundle.unit-test";
		};
/* End PBXNativeTarget section */

/* Begin PBXProject section */
		6D0AE76D19A67A9E00F62529 /* Project object */ = {
			isa = PBXProject;
			attributes = {
				LastUpgradeCheck = 0600;
				ORGANIZATIONNAME = "Matthew Knott";
				TargetAttributes = {
					6D0AE77419A67A9E00F62529 = {
						CreatedOnToolsVersion = 6.0;
					};
					6D0AE78619A67A9E00F62529 = {
						CreatedOnToolsVersion = 6.0;
						TestTargetID = 6D0AE77419A67A9E00F62529;
					};
				};
			};
			buildConfigurationList = 6D0AE77019A67A9E00F62529 /* Build configuration list for PBXProject "SayMyName" */;
			compatibilityVersion = "Xcode 3.2";
			developmentRegion = English;
			hasScannedForEncodings = 0;
			knownRegions = (
				en,
				Base,
				es,
			);
			mainGroup = 6D0AE76C19A67A9E00F62529;
			productRefGroup = 6D0AE77619A67A9E00F62529 /* Products */;
			projectDirPath = "";
			projectRoot = "";
			targets = (
				6D0AE77419A67A9E00F62529 /* SayMyName */,
				6D0AE78619A67A9E00F62529 /* SayMyNameTests */,
			);
		};
/* End PBXProject section */

/* Begin PBXResourcesBuildPhase section */
		6D0AE77319A67A9E00F62529 /* Resources */ = {
			isa = PBXResourcesBuildPhase;
			buildActionMask = 2147483647;
			files = (
				6D820CFB19EAF435009250EC /* LaunchScreen.xib in Resources */,
				6D32FCBF19EB014700F704E4 /* Images.xcassets in Resources */,
				6D0AE79F19A6934B00F62529 /* logo.png in Resources */,
				6D0AE78019A67A9E00F62529 /* Main.storyboard in Resources */,
				6D0AE7A419A693E700F62529 /* Localizable.strings in Resources */,
			);
			runOnlyForDeploymentPostprocessing = 0;
		};
		6D0AE78519A67A9E00F62529 /* Resources */ = {
			isa = PBXResourcesBuildPhase;
			buildActionMask = 2147483647;
			files = (
				6D0AE7A019A6934B00F62529 /* logo.png in Resources */,
			);
			runOnlyForDeploymentPostprocessing = 0;
		};
/* End PBXResourcesBuildPhase section */

/* Begin PBXSourcesBuildPhase section */
		6D0AE77119A67A9E00F62529 /* Sources */ = {
			isa = PBXSourcesBuildPhase;
			buildActionMask = 2147483647;
			files = (
				6D0AE77D19A67A9E00F62529 /* ViewController.swift in Sources */,
				6D0AE79819A67B0400F62529 /* TextToSpeech.swift in Sources */,
				6D0AE77B19A67A9E00F62529 /* AppDelegate.swift in Sources */,
			);
			runOnlyForDeploymentPostprocessing = 0;
		};
		6D0AE78319A67A9E00F62529 /* Sources */ = {
			isa = PBXSourcesBuildPhase;
			buildActionMask = 2147483647;
			files = (
				6D0AE78E19A67A9E00F62529 /* SayMyNameTests.swift in Sources */,
			);
			runOnlyForDeploymentPostprocessing = 0;
		};
/* End PBXSourcesBuildPhase section */

/* Begin PBXTargetDependency section */
		6D0AE78919A67A9E00F62529 /* PBXTargetDependency */ = {
			isa = PBXTargetDependency;
			target = 6D0AE77419A67A9E00F62529 /* SayMyName */;
			targetProxy = 6D0AE78819A67A9E00F62529 /* PBXContainerItemProxy */;
		};
/* End PBXTargetDependency section */

/* Begin PBXVariantGroup section */
		6D0AE77E19A67A9E00F62529 /* Main.storyboard */ = {
			isa = PBXVariantGroup;
			children = (
				6D0AE77F19A67A9E00F62529 /* Base */,
				6D0AE79E19A6914000F62529 /* es */,
			);
			name = Main.storyboard;
			sourceTree = "<group>";
		};
		6D0AE7A219A6934B00F62529 /* logo.png */ = {
			isa = PBXVariantGroup;
			children = (
				6D0AE7A119A6934B00F62529 /* Base */,
				6D0AE7A319A6935600F62529 /* es */,
			);
			name = logo.png;
			path = SayMyNameTests;
			sourceTree = SOURCE_ROOT;
		};
		6D0AE7A619A693E700F62529 /* Localizable.strings */ = {
			isa = PBXVariantGroup;
			children = (
				6D0AE7A519A693E700F62529 /* Base */,
				6D0AE7A719A693E900F62529 /* es */,
			);
			name = Localizable.strings;
			sourceTree = "<group>";
		};
/* End PBXVariantGroup section */

/* Begin XCBuildConfiguration section */
		6D0AE78F19A67A9E00F62529 /* Debug */ = {
			isa = XCBuildConfiguration;
			buildSettings = {
				ALWAYS_SEARCH_USER_PATHS = NO;
				CLANG_CXX_LANGUAGE_STANDARD = "gnu++0x";
				CLANG_CXX_LIBRARY = "libc++";
				CLANG_ENABLE_MODULES = YES;
				CLANG_ENABLE_OBJC_ARC = YES;
				CLANG_WARN_BOOL_CONVERSION = YES;
				CLANG_WARN_CONSTANT_CONVERSION = YES;
				CLANG_WARN_DIRECT_OBJC_ISA_USAGE = YES_ERROR;
				CLANG_WARN_EMPTY_BODY = YES;
				CLANG_WARN_ENUM_CONVERSION = YES;
				CLANG_WARN_INT_CONVERSION = YES;
				CLANG_WARN_OBJC_ROOT_CLASS = YES_ERROR;
				CLANG_WARN_UNREACHABLE_CODE = YES;
				CLANG_WARN__DUPLICATE_METHOD_MATCH = YES;
				"CODE_SIGN_IDENTITY[sdk=iphoneos*]" = "iPhone Developer";
				COPY_PHASE_STRIP = NO;
				ENABLE_STRICT_OBJC_MSGSEND = YES;
				GCC_C_LANGUAGE_STANDARD = gnu99;
				GCC_DYNAMIC_NO_PIC = NO;
				GCC_OPTIMIZATION_LEVEL = 0;
				GCC_PREPROCESSOR_DEFINITIONS = (
					"DEBUG=1",
					"$(inherited)",
				);
				GCC_SYMBOLS_PRIVATE_EXTERN = NO;
				GCC_WARN_64_TO_32_BIT_CONVERSION = YES;
				GCC_WARN_ABOUT_RETURN_TYPE = YES_ERROR;
				GCC_WARN_UNDECLARED_SELECTOR = YES;
				GCC_WARN_UNINITIALIZED_AUTOS = YES_AGGRESSIVE;
				GCC_WARN_UNUSED_FUNCTION = YES;
				GCC_WARN_UNUSED_VARIABLE = YES;
				IPHONEOS_DEPLOYMENT_TARGET = 8.0;
				MTL_ENABLE_DEBUG_INFO = YES;
				ONLY_ACTIVE_ARCH = YES;
				SDKROOT = iphoneos;
				SWIFT_OPTIMIZATION_LEVEL = "-Onone";
			};
			name = Debug;
		};
		6D0AE79019A67A9E00F62529 /* Release */ = {
			isa = XCBuildConfiguration;
			buildSettings = {
				ALWAYS_SEARCH_USER_PATHS = NO;
				CLANG_CXX_LANGUAGE_STANDARD = "gnu++0x";
				CLANG_CXX_LIBRARY = "libc++";
				CLANG_ENABLE_MODULES = YES;
				CLANG_ENABLE_OBJC_ARC = YES;
				CLANG_WARN_BOOL_CONVERSION = YES;
				CLANG_WARN_CONSTANT_CONVERSION = YES;
				CLANG_WARN_DIRECT_OBJC_ISA_USAGE = YES_ERROR;
				CLANG_WARN_EMPTY_BODY = YES;
				CLANG_WARN_ENUM_CONVERSION = YES;
				CLANG_WARN_INT_CONVERSION = YES;
				CLANG_WARN_OBJC_ROOT_CLASS = YES_ERROR;
				CLANG_WARN_UNREACHABLE_CODE = YES;
				CLANG_WARN__DUPLICATE_METHOD_MATCH = YES;
				"CODE_SIGN_IDENTITY[sdk=iphoneos*]" = "iPhone Developer";
				COPY_PHASE_STRIP = YES;
				ENABLE_NS_ASSERTIONS = NO;
				ENABLE_STRICT_OBJC_MSGSEND = YES;
				GCC_C_LANGUAGE_STANDARD = gnu99;
				GCC_WARN_64_TO_32_BIT_CONVERSION = YES;
				GCC_WARN_ABOUT_RETURN_TYPE = YES_ERROR;
				GCC_WARN_UNDECLARED_SELECTOR = YES;
				GCC_WARN_UNINITIALIZED_AUTOS = YES_AGGRESSIVE;
				GCC_WARN_UNUSED_FUNCTION = YES;
				GCC_WARN_UNUSED_VARIABLE = YES;
				IPHONEOS_DEPLOYMENT_TARGET = 8.0;
				MTL_ENABLE_DEBUG_INFO = NO;
				SDKROOT = iphoneos;
				VALIDATE_PRODUCT = YES;
			};
			name = Release;
		};
		6D0AE79219A67A9E00F62529 /* Debug */ = {
			isa = XCBuildConfiguration;
			buildSettings = {
				ASSETCATALOG_COMPILER_APPICON_NAME = AppIcon;
				INFOPLIST_FILE = SayMyName/Info.plist;
				LD_RUNPATH_SEARCH_PATHS = "$(inherited) @executable_path/Frameworks";
				PRODUCT_NAME = "$(TARGET_NAME)";
				PROVISIONING_PROFILE = "97929eeb-3a3b-450d-9e2e-eba6c5f4cc9a";
			};
			name = Debug;
		};
		6D0AE79319A67A9E00F62529 /* Release */ = {
			isa = XCBuildConfiguration;
			buildSettings = {
				ASSETCATALOG_COMPILER_APPICON_NAME = AppIcon;
				INFOPLIST_FILE = SayMyName/Info.plist;
				LD_RUNPATH_SEARCH_PATHS = "$(inherited) @executable_path/Frameworks";
				PRODUCT_NAME = "$(TARGET_NAME)";
				PROVISIONING_PROFILE = "97929eeb-3a3b-450d-9e2e-eba6c5f4cc9a";
			};
			name = Release;
		};
		6D0AE79519A67A9E00F62529 /* Debug */ = {
			isa = XCBuildConfiguration;
			buildSettings = {
				BUNDLE_LOADER = "$(TEST_HOST)";
				FRAMEWORK_SEARCH_PATHS = (
					"$(SDKROOT)/Developer/Library/Frameworks",
					"$(inherited)",
				);
				GCC_PREPROCESSOR_DEFINITIONS = (
					"DEBUG=1",
					"$(inherited)",
				);
				INFOPLIST_FILE = SayMyNameTests/Info.plist;
				LD_RUNPATH_SEARCH_PATHS = "$(inherited) @executable_path/Frameworks @loader_path/Frameworks";
				PRODUCT_NAME = "$(TARGET_NAME)";
				TEST_HOST = "$(BUILT_PRODUCTS_DIR)/SayMyName.app/SayMyName";
			};
			name = Debug;
		};
		6D0AE79619A67A9E00F62529 /* Release */ = {
			isa = XCBuildConfiguration;
			buildSettings = {
				BUNDLE_LOADER = "$(TEST_HOST)";
				FRAMEWORK_SEARCH_PATHS = (
					"$(SDKROOT)/Developer/Library/Frameworks",
					"$(inherited)",
				);
				INFOPLIST_FILE = SayMyNameTests/Info.plist;
				LD_RUNPATH_SEARCH_PATHS = "$(inherited) @executable_path/Frameworks @loader_path/Frameworks";
				PRODUCT_NAME = "$(TARGET_NAME)";
				TEST_HOST = "$(BUILT_PRODUCTS_DIR)/SayMyName.app/SayMyName";
			};
			name = Release;
		};
/* End XCBuildConfiguration section */

/* Begin XCConfigurationList section */
		6D0AE77019A67A9E00F62529 /* Build configuration list for PBXProject "SayMyName" */ = {
			isa = XCConfigurationList;
			buildConfigurations = (
				6D0AE78F19A67A9E00F62529 /* Debug */,
				6D0AE79019A67A9E00F62529 /* Release */,
			);
			defaultConfigurationIsVisible = 0;
			defaultConfigurationName = Release;
		};
		6D0AE79119A67A9E00F62529 /* Build configuration list for PBXNativeTarget "SayMyName" */ = {
			isa = XCConfigurationList;
			buildConfigurations = (
				6D0AE79219A67A9E00F62529 /* Debug */,
				6D0AE79319A67A9E00F62529 /* Release */,
			);
			defaultConfigurationIsVisible = 0;
			defaultConfigurationName = Release;
		};
		6D0AE79419A67A9E00F62529 /* Build configuration list for PBXNativeTarget "SayMyNameTests" */ = {
			isa = XCConfigurationList;
			buildConfigurations = (
				6D0AE79519A67A9E00F62529 /* Debug */,
				6D0AE79619A67A9E00F62529 /* Release */,
			);
			defaultConfigurationIsVisible = 0;
			defaultConfigurationName = Release;
		};
/* End XCConfigurationList section */
	};
	rootObject = 6D0AE76D19A67A9E00F62529 /* Project object */;
}
