// !$*UTF8*$!
{
	archiveVersion = 1;
	classes = {
	};
	objectVersion = 46;
	objects = {

/* Begin PBXBuildFile section */
		6DFF83FA1D3A9279002891FF /* AppDelegate.swift in Sources */ = {isa = PBXBuildFile; fileRef = 6DFF83F91D3A9279002891FF /* AppDelegate.swift */; };
		6DFF83FC1D3A9279002891FF /* TrackViewController.swift in Sources */ = {isa = PBXBuildFile; fileRef = 6DFF83FB1D3A9279002891FF /* TrackViewController.swift */; };
		6DFF83FE1D3A9279002891FF /* SliderViewController.swift in Sources */ = {isa = PBXBuildFile; fileRef = 6DFF83FD1D3A9279002891FF /* SliderViewController.swift */; };
		6DFF84011D3A9279002891FF /* Main.storyboard in Resources */ = {isa = PBXBuildFile; fileRef = 6DFF83FF1D3A9279002891FF /* Main.storyboard */; };
		6DFF84031D3A9279002891FF /* Assets.xcassets in Resources */ = {isa = PBXBuildFile; fileRef = 6DFF84021D3A9279002891FF /* Assets.xcassets */; };
		6DFF84061D3A9279002891FF /* LaunchScreen.storyboard in Resources */ = {isa = PBXBuildFile; fileRef = 6DFF84041D3A9279002891FF /* LaunchScreen.storyboard */; };
		6DFF840E1D3A991D002891FF /* ActionViewController.swift in Sources */ = {isa = PBXBuildFile; fileRef = 6DFF840D1D3A991D002891FF /* ActionViewController.swift */; };
/* End PBXBuildFile section */

/* Begin PBXFileReference section */
		6DFF83F61D3A9279002891FF /* Showcase.app */ = {isa = PBXFileReference; explicitFileType = wrapper.application; includeInIndex = 0; path = Showcase.app; sourceTree = BUILT_PRODUCTS_DIR; };
		6DFF83F91D3A9279002891FF /* AppDelegate.swift */ = {isa = PBXFileReference; lastKnownFileType = sourcecode.swift; path = AppDelegate.swift; sourceTree = "<group>"; };
		6DFF83FB1D3A9279002891FF /* TrackViewController.swift */ = {isa = PBXFileReference; lastKnownFileType = sourcecode.swift; path = TrackViewController.swift; sourceTree = "<group>"; };
		6DFF83FD1D3A9279002891FF /* SliderViewController.swift */ = {isa = PBXFileReference; lastKnownFileType = sourcecode.swift; path = SliderViewController.swift; sourceTree = "<group>"; };
		6DFF84001D3A9279002891FF /* Base */ = {isa = PBXFileReference; lastKnownFileType = file.storyboard; name = Base; path = Base.lproj/Main.storyboard; sourceTree = "<group>"; };
		6DFF84021D3A9279002891FF /* Assets.xcassets */ = {isa = PBXFileReference; lastKnownFileType = folder.assetcatalog; path = Assets.xcassets; sourceTree = "<group>"; };
		6DFF84051D3A9279002891FF /* Base */ = {isa = PBXFileReference; lastKnownFileType = file.storyboard; name = Base; path = Base.lproj/LaunchScreen.storyboard; sourceTree = "<group>"; };
		6DFF84071D3A9279002891FF /* Info.plist */ = {isa = PBXFileReference; lastKnownFileType = text.plist.xml; path = Info.plist; sourceTree = "<group>"; };
		6DFF840D1D3A991D002891FF /* ActionViewController.swift */ = {isa = PBXFileReference; fileEncoding = 4; lastKnownFileType = sourcecode.swift; path = ActionViewController.swift; sourceTree = "<group>"; };
/* End PBXFileReference section */

/* Begin PBXFrameworksBuildPhase section */
		6DFF83F31D3A9279002891FF /* Frameworks */ = {
			isa = PBXFrameworksBuildPhase;
			buildActionMask = 2147483647;
			files = (
			);
			runOnlyForDeploymentPostprocessing = 0;
		};
/* End PBXFrameworksBuildPhase section */

/* Begin PBXGroup section */
		6DFF83ED1D3A9279002891FF = {
			isa = PBXGroup;
			children = (
				6DFF83F81D3A9279002891FF /* Showcase */,
				6DFF83F71D3A9279002891FF /* Products */,
			);
			sourceTree = "<group>";
		};
		6DFF83F71D3A9279002891FF /* Products */ = {
			isa = PBXGroup;
			children = (
				6DFF83F61D3A9279002891FF /* Showcase.app */,
			);
			name = Products;
			sourceTree = "<group>";
		};
		6DFF83F81D3A9279002891FF /* Showcase */ = {
			isa = PBXGroup;
			children = (
				6DFF83F91D3A9279002891FF /* AppDelegate.swift */,
				6DFF83FB1D3A9279002891FF /* TrackViewController.swift */,
				6DFF83FD1D3A9279002891FF /* SliderViewController.swift */,
				6DFF83FF1D3A9279002891FF /* Main.storyboard */,
				6DFF84021D3A9279002891FF /* Assets.xcassets */,
				6DFF84041D3A9279002891FF /* LaunchScreen.storyboard */,
				6DFF84071D3A9279002891FF /* Info.plist */,
				6DFF840D1D3A991D002891FF /* ActionViewController.swift */,
			);
			path = Showcase;
			sourceTree = "<group>";
		};
/* End PBXGroup section */

/* Begin PBXNativeTarget section */
		6DFF83F51D3A9279002891FF /* Showcase */ = {
			isa = PBXNativeTarget;
			buildConfigurationList = 6DFF840A1D3A9279002891FF /* Build configuration list for PBXNativeTarget "Showcase" */;
			buildPhases = (
				6DFF83F21D3A9279002891FF /* Sources */,
				6DFF83F31D3A9279002891FF /* Frameworks */,
				6DFF83F41D3A9279002891FF /* Resources */,
			);
			buildRules = (
			);
			dependencies = (
			);
			name = Showcase;
			productName = Showcase;
			productReference = 6DFF83F61D3A9279002891FF /* Showcase.app */;
			productType = "com.apple.product-type.application";
		};
/* End PBXNativeTarget section */

/* Begin PBXProject section */
		6DFF83EE1D3A9279002891FF /* Project object */ = {
			isa = PBXProject;
			attributes = {
				LastSwiftUpdateCheck = 0800;
				LastUpgradeCheck = 0800;
				ORGANIZATIONNAME = "Matthew Knott";
				TargetAttributes = {
					6DFF83F51D3A9279002891FF = {
						CreatedOnToolsVersion = 8.0;
						ProvisioningStyle = Automatic;
					};
				};
			};
			buildConfigurationList = 6DFF83F11D3A9279002891FF /* Build configuration list for PBXProject "Showcase" */;
			compatibilityVersion = "Xcode 3.2";
			developmentRegion = English;
			hasScannedForEncodings = 0;
			knownRegions = (
				en,
				Base,
			);
			mainGroup = 6DFF83ED1D3A9279002891FF;
			productRefGroup = 6DFF83F71D3A9279002891FF /* Products */;
			projectDirPath = "";
			projectRoot = "";
			targets = (
				6DFF83F51D3A9279002891FF /* Showcase */,
			);
		};
/* End PBXProject section */

/* Begin PBXResourcesBuildPhase section */
		6DFF83F41D3A9279002891FF /* Resources */ = {
			isa = PBXResourcesBuildPhase;
			buildActionMask = 2147483647;
			files = (
				6DFF84061D3A9279002891FF /* LaunchScreen.storyboard in Resources */,
				6DFF84031D3A9279002891FF /* Assets.xcassets in Resources */,
				6DFF84011D3A9279002891FF /* Main.storyboard in Resources */,
			);
			runOnlyForDeploymentPostprocessing = 0;
		};
/* End PBXResourcesBuildPhase section */

/* Begin PBXSourcesBuildPhase section */
		6DFF83F21D3A9279002891FF /* Sources */ = {
			isa = PBXSourcesBuildPhase;
			buildActionMask = 2147483647;
			files = (
				6DFF83FE1D3A9279002891FF /* SliderViewController.swift in Sources */,
				6DFF83FA1D3A9279002891FF /* AppDelegate.swift in Sources */,
				6DFF840E1D3A991D002891FF /* ActionViewController.swift in Sources */,
				6DFF83FC1D3A9279002891FF /* TrackViewController.swift in Sources */,
			);
			runOnlyForDeploymentPostprocessing = 0;
		};
/* End PBXSourcesBuildPhase section */

/* Begin PBXVariantGroup section */
		6DFF83FF1D3A9279002891FF /* Main.storyboard */ = {
			isa = PBXVariantGroup;
			children = (
				6DFF84001D3A9279002891FF /* Base */,
			);
			name = Main.storyboard;
			sourceTree = "<group>";
		};
		6DFF84041D3A9279002891FF /* LaunchScreen.storyboard */ = {
			isa = PBXVariantGroup;
			children = (
				6DFF84051D3A9279002891FF /* Base */,
			);
			name = LaunchScreen.storyboard;
			sourceTree = "<group>";
		};
/* End PBXVariantGroup section */

/* Begin XCBuildConfiguration section */
		6DFF84081D3A9279002891FF /* Debug */ = {
			isa = XCBuildConfiguration;
			buildSettings = {
				ALWAYS_SEARCH_USER_PATHS = NO;
				CLANG_ANALYZER_NONNULL = YES;
				CLANG_CXX_LANGUAGE_STANDARD = "gnu++0x";
				CLANG_CXX_LIBRARY = "libc++";
				CLANG_ENABLE_MODULES = YES;
				CLANG_ENABLE_OBJC_ARC = YES;
				CLANG_WARN_BOOL_CONVERSION = YES;
				CLANG_WARN_CONSTANT_CONVERSION = YES;
				CLANG_WARN_DIRECT_OBJC_ISA_USAGE = YES_ERROR;
				CLANG_WARN_DOCUMENTATION_COMMENTS = YES;
				CLANG_WARN_EMPTY_BODY = YES;
				CLANG_WARN_ENUM_CONVERSION = YES;
				CLANG_WARN_INT_CONVERSION = YES;
				CLANG_WARN_OBJC_ROOT_CLASS = YES_ERROR;
				CLANG_WARN_UNREACHABLE_CODE = YES;
				CLANG_WARN__DUPLICATE_METHOD_MATCH = YES;
				"CODE_SIGN_IDENTITY[sdk=iphoneos*]" = "iPhone Developer";
				COPY_PHASE_STRIP = NO;
				DEBUG_INFORMATION_FORMAT = dwarf;
				ENABLE_STRICT_OBJC_MSGSEND = YES;
				ENABLE_TESTABILITY = YES;
				GCC_C_LANGUAGE_STANDARD = gnu99;
				GCC_DYNAMIC_NO_PIC = NO;
				GCC_NO_COMMON_BLOCKS = YES;
				GCC_OPTIMIZATION_LEVEL = 0;
				GCC_PREPROCESSOR_DEFINITIONS = (
					"DEBUG=1",
					"$(inherited)",
				);
				GCC_WARN_64_TO_32_BIT_CONVERSION = YES;
				GCC_WARN_ABOUT_RETURN_TYPE = YES_ERROR;
				GCC_WARN_UNDECLARED_SELECTOR = YES;
				GCC_WARN_UNINITIALIZED_AUTOS = YES_AGGRESSIVE;
				GCC_WARN_UNUSED_FUNCTION = YES;
				GCC_WARN_UNUSED_VARIABLE = YES;
				IPHONEOS_DEPLOYMENT_TARGET = 10.0;
				MTL_ENABLE_DEBUG_INFO = YES;
				ONLY_ACTIVE_ARCH = YES;
				SDKROOT = iphoneos;
				SWIFT_ACTIVE_COMPILATION_CONDITIONS = DEBUG;
				SWIFT_OPTIMIZATION_LEVEL = "-Onone";
			};
			name = Debug;
		};
		6DFF84091D3A9279002891FF /* Release */ = {
			isa = XCBuildConfiguration;
			buildSettings = {
				ALWAYS_SEARCH_USER_PATHS = NO;
				CLANG_ANALYZER_NONNULL = YES;
				CLANG_CXX_LANGUAGE_STANDARD = "gnu++0x";
				CLANG_CXX_LIBRARY = "libc++";
				CLANG_ENABLE_MODULES = YES;
				CLANG_ENABLE_OBJC_ARC = YES;
				CLANG_WARN_BOOL_CONVERSION = YES;
				CLANG_WARN_CONSTANT_CONVERSION = YES;
				CLANG_WARN_DIRECT_OBJC_ISA_USAGE = YES_ERROR;
				CLANG_WARN_DOCUMENTATION_COMMENTS = YES;
				CLANG_WARN_EMPTY_BODY = YES;
				CLANG_WARN_ENUM_CONVERSION = YES;
				CLANG_WARN_INT_CONVERSION = YES;
				CLANG_WARN_OBJC_ROOT_CLASS = YES_ERROR;
				CLANG_WARN_UNREACHABLE_CODE = YES;
				CLANG_WARN__DUPLICATE_METHOD_MATCH = YES;
				"CODE_SIGN_IDENTITY[sdk=iphoneos*]" = "iPhone Developer";
				COPY_PHASE_STRIP = NO;
				DEBUG_INFORMATION_FORMAT = "dwarf-with-dsym";
				ENABLE_NS_ASSERTIONS = NO;
				ENABLE_STRICT_OBJC_MSGSEND = YES;
				GCC_C_LANGUAGE_STANDARD = gnu99;
				GCC_NO_COMMON_BLOCKS = YES;
				GCC_WARN_64_TO_32_BIT_CONVERSION = YES;
				GCC_WARN_ABOUT_RETURN_TYPE = YES_ERROR;
				GCC_WARN_UNDECLARED_SELECTOR = YES;
				GCC_WARN_UNINITIALIZED_AUTOS = YES_AGGRESSIVE;
				GCC_WARN_UNUSED_FUNCTION = YES;
				GCC_WARN_UNUSED_VARIABLE = YES;
				IPHONEOS_DEPLOYMENT_TARGET = 10.0;
				MTL_ENABLE_DEBUG_INFO = NO;
				SDKROOT = iphoneos;
				SWIFT_OPTIMIZATION_LEVEL = "-Owholemodule";
				VALIDATE_PRODUCT = YES;
			};
			name = Release;
		};
		6DFF840B1D3A9279002891FF /* Debug */ = {
			isa = XCBuildConfiguration;
			buildSettings = {
				ASSETCATALOG_COMPILER_APPICON_NAME = AppIcon;
				INFOPLIST_FILE = Showcase/Info.plist;
				LD_RUNPATH_SEARCH_PATHS = "$(inherited) @executable_path/Frameworks";
				PRODUCT_BUNDLE_IDENTIFIER = com.mattknott.Showcase;
				PRODUCT_NAME = "$(TARGET_NAME)";
				SWIFT_VERSION = 3.0;
			};
			name = Debug;
		};
		6DFF840C1D3A9279002891FF /* Release */ = {
			isa = XCBuildConfiguration;
			buildSettings = {
				ASSETCATALOG_COMPILER_APPICON_NAME = AppIcon;
				INFOPLIST_FILE = Showcase/Info.plist;
				LD_RUNPATH_SEARCH_PATHS = "$(inherited) @executable_path/Frameworks";
				PRODUCT_BUNDLE_IDENTIFIER = com.mattknott.Showcase;
				PRODUCT_NAME = "$(TARGET_NAME)";
				SWIFT_VERSION = 3.0;
			};
			name = Release;
		};
/* End XCBuildConfiguration section */

/* Begin XCConfigurationList section */
		6DFF83F11D3A9279002891FF /* Build configuration list for PBXProject "Showcase" */ = {
			isa = XCConfigurationList;
			buildConfigurations = (
				6DFF84081D3A9279002891FF /* Debug */,
				6DFF84091D3A9279002891FF /* Release */,
			);
			defaultConfigurationIsVisible = 0;
			defaultConfigurationName = Release;
		};
		6DFF840A1D3A9279002891FF /* Build configuration list for PBXNativeTarget "Showcase" */ = {
			isa = XCConfigurationList;
			buildConfigurations = (
				6DFF840B1D3A9279002891FF /* Debug */,
				6DFF840C1D3A9279002891FF /* Release */,
			);
			defaultConfigurationIsVisible = 0;
		};
/* End XCConfigurationList section */
	};
	rootObject = 6DFF83EE1D3A9279002891FF /* Project object */;
}
