// !$*UTF8*$!
{
	archiveVersion = 1;
	classes = {
	};
	objectVersion = 46;
	objects = {

/* Begin PBXBuildFile section */
		6DEBF3FA1D49EDD400E89B31 /* AppDelegate.swift in Sources */ = {isa = PBXBuildFile; fileRef = 6DEBF3F91D49EDD400E89B31 /* AppDelegate.swift */; };
		6DEBF3FF1D49EDD400E89B31 /* Main.storyboard in Resources */ = {isa = PBXBuildFile; fileRef = 6DEBF3FD1D49EDD400E89B31 /* Main.storyboard */; };
		6DEBF4011D49EDD400E89B31 /* Assets.xcassets in Resources */ = {isa = PBXBuildFile; fileRef = 6DEBF4001D49EDD400E89B31 /* Assets.xcassets */; };
		6DEBF4041D49EDD400E89B31 /* LaunchScreen.storyboard in Resources */ = {isa = PBXBuildFile; fileRef = 6DEBF4021D49EDD400E89B31 /* LaunchScreen.storyboard */; };
		6DEBF40C1D49FC2E00E89B31 /* TweetViewController.swift in Sources */ = {isa = PBXBuildFile; fileRef = 6DEBF40B1D49FC2E00E89B31 /* TweetViewController.swift */; };
		6DEBF40E1D49FC5E00E89B31 /* ComposeViewController.swift in Sources */ = {isa = PBXBuildFile; fileRef = 6DEBF40D1D49FC5E00E89B31 /* ComposeViewController.swift */; };
		6DEBF4111D4A9C4A00E89B31 /* AccountsViewController.swift in Sources */ = {isa = PBXBuildFile; fileRef = 6DEBF4101D4A9C4A00E89B31 /* AccountsViewController.swift */; };
		6DEBF4131D4A9CEB00E89B31 /* FeedViewController.swift in Sources */ = {isa = PBXBuildFile; fileRef = 6DEBF4121D4A9CEB00E89B31 /* FeedViewController.swift */; };
/* End PBXBuildFile section */

/* Begin PBXFileReference section */
		6DEBF3F61D49EDD400E89B31 /* SocialApp.app */ = {isa = PBXFileReference; explicitFileType = wrapper.application; includeInIndex = 0; path = SocialApp.app; sourceTree = BUILT_PRODUCTS_DIR; };
		6DEBF3F91D49EDD400E89B31 /* AppDelegate.swift */ = {isa = PBXFileReference; lastKnownFileType = sourcecode.swift; path = AppDelegate.swift; sourceTree = "<group>"; };
		6DEBF3FE1D49EDD400E89B31 /* Base */ = {isa = PBXFileReference; lastKnownFileType = file.storyboard; name = Base; path = Base.lproj/Main.storyboard; sourceTree = "<group>"; };
		6DEBF4001D49EDD400E89B31 /* Assets.xcassets */ = {isa = PBXFileReference; lastKnownFileType = folder.assetcatalog; path = Assets.xcassets; sourceTree = "<group>"; };
		6DEBF4031D49EDD400E89B31 /* Base */ = {isa = PBXFileReference; lastKnownFileType = file.storyboard; name = Base; path = Base.lproj/LaunchScreen.storyboard; sourceTree = "<group>"; };
		6DEBF4051D49EDD400E89B31 /* Info.plist */ = {isa = PBXFileReference; lastKnownFileType = text.plist.xml; path = Info.plist; sourceTree = "<group>"; };
		6DEBF40B1D49FC2E00E89B31 /* TweetViewController.swift */ = {isa = PBXFileReference; fileEncoding = 4; lastKnownFileType = sourcecode.swift; path = TweetViewController.swift; sourceTree = "<group>"; };
		6DEBF40D1D49FC5E00E89B31 /* ComposeViewController.swift */ = {isa = PBXFileReference; fileEncoding = 4; lastKnownFileType = sourcecode.swift; path = ComposeViewController.swift; sourceTree = "<group>"; };
		6DEBF4101D4A9C4A00E89B31 /* AccountsViewController.swift */ = {isa = PBXFileReference; fileEncoding = 4; lastKnownFileType = sourcecode.swift; path = AccountsViewController.swift; sourceTree = "<group>"; };
		6DEBF4121D4A9CEB00E89B31 /* FeedViewController.swift */ = {isa = PBXFileReference; fileEncoding = 4; lastKnownFileType = sourcecode.swift; path = FeedViewController.swift; sourceTree = "<group>"; };
/* End PBXFileReference section */

/* Begin PBXFrameworksBuildPhase section */
		6DEBF3F31D49EDD300E89B31 /* Frameworks */ = {
			isa = PBXFrameworksBuildPhase;
			buildActionMask = 2147483647;
			files = (
			);
			runOnlyForDeploymentPostprocessing = 0;
		};
/* End PBXFrameworksBuildPhase section */

/* Begin PBXGroup section */
		6DEBF3ED1D49EDD300E89B31 = {
			isa = PBXGroup;
			children = (
				6DEBF3F81D49EDD400E89B31 /* SocialApp */,
				6DEBF3F71D49EDD400E89B31 /* Products */,
			);
			sourceTree = "<group>";
		};
		6DEBF3F71D49EDD400E89B31 /* Products */ = {
			isa = PBXGroup;
			children = (
				6DEBF3F61D49EDD400E89B31 /* SocialApp.app */,
			);
			name = Products;
			sourceTree = "<group>";
		};
		6DEBF3F81D49EDD400E89B31 /* SocialApp */ = {
			isa = PBXGroup;
			children = (
				6DEBF3F91D49EDD400E89B31 /* AppDelegate.swift */,
				6DEBF40F1D4A9B9900E89B31 /* View Controllers */,
				6DEBF3FD1D49EDD400E89B31 /* Main.storyboard */,
				6DEBF4001D49EDD400E89B31 /* Assets.xcassets */,
				6DEBF4021D49EDD400E89B31 /* LaunchScreen.storyboard */,
				6DEBF4051D49EDD400E89B31 /* Info.plist */,
			);
			path = SocialApp;
			sourceTree = "<group>";
		};
		6DEBF40F1D4A9B9900E89B31 /* View Controllers */ = {
			isa = PBXGroup;
			children = (
				6DEBF40B1D49FC2E00E89B31 /* TweetViewController.swift */,
				6DEBF40D1D49FC5E00E89B31 /* ComposeViewController.swift */,
				6DEBF4101D4A9C4A00E89B31 /* AccountsViewController.swift */,
				6DEBF4121D4A9CEB00E89B31 /* FeedViewController.swift */,
			);
			name = "View Controllers";
			sourceTree = "<group>";
		};
/* End PBXGroup section */

/* Begin PBXNativeTarget section */
		6DEBF3F51D49EDD300E89B31 /* SocialApp */ = {
			isa = PBXNativeTarget;
			buildConfigurationList = 6DEBF4081D49EDD400E89B31 /* Build configuration list for PBXNativeTarget "SocialApp" */;
			buildPhases = (
				6DEBF3F21D49EDD300E89B31 /* Sources */,
				6DEBF3F31D49EDD300E89B31 /* Frameworks */,
				6DEBF3F41D49EDD300E89B31 /* Resources */,
			);
			buildRules = (
			);
			dependencies = (
			);
			name = SocialApp;
			productName = SocialApp;
			productReference = 6DEBF3F61D49EDD400E89B31 /* SocialApp.app */;
			productType = "com.apple.product-type.application";
		};
/* End PBXNativeTarget section */

/* Begin PBXProject section */
		6DEBF3EE1D49EDD300E89B31 /* Project object */ = {
			isa = PBXProject;
			attributes = {
				LastSwiftUpdateCheck = 0800;
				LastUpgradeCheck = 0800;
				ORGANIZATIONNAME = "Matthew Knott";
				TargetAttributes = {
					6DEBF3F51D49EDD300E89B31 = {
						CreatedOnToolsVersion = 8.0;
						ProvisioningStyle = Automatic;
					};
				};
			};
			buildConfigurationList = 6DEBF3F11D49EDD300E89B31 /* Build configuration list for PBXProject "SocialApp" */;
			compatibilityVersion = "Xcode 3.2";
			developmentRegion = English;
			hasScannedForEncodings = 0;
			knownRegions = (
				en,
				Base,
			);
			mainGroup = 6DEBF3ED1D49EDD300E89B31;
			productRefGroup = 6DEBF3F71D49EDD400E89B31 /* Products */;
			projectDirPath = "";
			projectRoot = "";
			targets = (
				6DEBF3F51D49EDD300E89B31 /* SocialApp */,
			);
		};
/* End PBXProject section */

/* Begin PBXResourcesBuildPhase section */
		6DEBF3F41D49EDD300E89B31 /* Resources */ = {
			isa = PBXResourcesBuildPhase;
			buildActionMask = 2147483647;
			files = (
				6DEBF4041D49EDD400E89B31 /* LaunchScreen.storyboard in Resources */,
				6DEBF4011D49EDD400E89B31 /* Assets.xcassets in Resources */,
				6DEBF3FF1D49EDD400E89B31 /* Main.storyboard in Resources */,
			);
			runOnlyForDeploymentPostprocessing = 0;
		};
/* End PBXResourcesBuildPhase section */

/* Begin PBXSourcesBuildPhase section */
		6DEBF3F21D49EDD300E89B31 /* Sources */ = {
			isa = PBXSourcesBuildPhase;
			buildActionMask = 2147483647;
			files = (
				6DEBF40E1D49FC5E00E89B31 /* ComposeViewController.swift in Sources */,
				6DEBF4111D4A9C4A00E89B31 /* AccountsViewController.swift in Sources */,
				6DEBF4131D4A9CEB00E89B31 /* FeedViewController.swift in Sources */,
				6DEBF40C1D49FC2E00E89B31 /* TweetViewController.swift in Sources */,
				6DEBF3FA1D49EDD400E89B31 /* AppDelegate.swift in Sources */,
			);
			runOnlyForDeploymentPostprocessing = 0;
		};
/* End PBXSourcesBuildPhase section */

/* Begin PBXVariantGroup section */
		6DEBF3FD1D49EDD400E89B31 /* Main.storyboard */ = {
			isa = PBXVariantGroup;
			children = (
				6DEBF3FE1D49EDD400E89B31 /* Base */,
			);
			name = Main.storyboard;
			sourceTree = "<group>";
		};
		6DEBF4021D49EDD400E89B31 /* LaunchScreen.storyboard */ = {
			isa = PBXVariantGroup;
			children = (
				6DEBF4031D49EDD400E89B31 /* Base */,
			);
			name = LaunchScreen.storyboard;
			sourceTree = "<group>";
		};
/* End PBXVariantGroup section */

/* Begin XCBuildConfiguration section */
		6DEBF4061D49EDD400E89B31 /* Debug */ = {
			isa = XCBuildConfiguration;
			buildSettings = {
				ALWAYS_SEARCH_USER_PATHS = NO;
				CLANG_ANALYZER_NONNULL = YES;
				CLANG_CXX_LANGUAGE_STANDARD = "gnu++0x";
				CLANG_CXX_LIBRARY = "libc++";
				CLANG_ENABLE_MODULES = YES;
				CLANG_ENABLE_OBJC_ARC = YES;
				CLANG_WARN_BOOL_CONVERSION = YES;
				CLANG_WARN_CONSTANT_CONVERSION = YES;
				CLANG_WARN_DIRECT_OBJC_ISA_USAGE = YES_ERROR;
				CLANG_WARN_DOCUMENTATION_COMMENTS = YES;
				CLANG_WARN_EMPTY_BODY = YES;
				CLANG_WARN_ENUM_CONVERSION = YES;
				CLANG_WARN_INT_CONVERSION = YES;
				CLANG_WARN_OBJC_ROOT_CLASS = YES_ERROR;
				CLANG_WARN_UNREACHABLE_CODE = YES;
				CLANG_WARN__DUPLICATE_METHOD_MATCH = YES;
				"CODE_SIGN_IDENTITY[sdk=iphoneos*]" = "iPhone Developer";
				COPY_PHASE_STRIP = NO;
				DEBUG_INFORMATION_FORMAT = dwarf;
				ENABLE_STRICT_OBJC_MSGSEND = YES;
				ENABLE_TESTABILITY = YES;
				GCC_C_LANGUAGE_STANDARD = gnu99;
				GCC_DYNAMIC_NO_PIC = NO;
				GCC_NO_COMMON_BLOCKS = YES;
				GCC_OPTIMIZATION_LEVEL = 0;
				GCC_PREPROCESSOR_DEFINITIONS = (
					"DEBUG=1",
					"$(inherited)",
				);
				GCC_WARN_64_TO_32_BIT_CONVERSION = YES;
				GCC_WARN_ABOUT_RETURN_TYPE = YES_ERROR;
				GCC_WARN_UNDECLARED_SELECTOR = YES;
				GCC_WARN_UNINITIALIZED_AUTOS = YES_AGGRESSIVE;
				GCC_WARN_UNUSED_FUNCTION = YES;
				GCC_WARN_UNUSED_VARIABLE = YES;
				IPHONEOS_DEPLOYMENT_TARGET = 10.0;
				MTL_ENABLE_DEBUG_INFO = YES;
				ONLY_ACTIVE_ARCH = YES;
				SDKROOT = iphoneos;
				SWIFT_ACTIVE_COMPILATION_CONDITIONS = DEBUG;
				SWIFT_OPTIMIZATION_LEVEL = "-Onone";
				TARGETED_DEVICE_FAMILY = 2;
			};
			name = Debug;
		};
		6DEBF4071D49EDD400E89B31 /* Release */ = {
			isa = XCBuildConfiguration;
			buildSettings = {
				ALWAYS_SEARCH_USER_PATHS = NO;
				CLANG_ANALYZER_NONNULL = YES;
				CLANG_CXX_LANGUAGE_STANDARD = "gnu++0x";
				CLANG_CXX_LIBRARY = "libc++";
				CLANG_ENABLE_MODULES = YES;
				CLANG_ENABLE_OBJC_ARC = YES;
				CLANG_WARN_BOOL_CONVERSION = YES;
				CLANG_WARN_CONSTANT_CONVERSION = YES;
				CLANG_WARN_DIRECT_OBJC_ISA_USAGE = YES_ERROR;
				CLANG_WARN_DOCUMENTATION_COMMENTS = YES;
				CLANG_WARN_EMPTY_BODY = YES;
				CLANG_WARN_ENUM_CONVERSION = YES;
				CLANG_WARN_INT_CONVERSION = YES;
				CLANG_WARN_OBJC_ROOT_CLASS = YES_ERROR;
				CLANG_WARN_UNREACHABLE_CODE = YES;
				CLANG_WARN__DUPLICATE_METHOD_MATCH = YES;
				"CODE_SIGN_IDENTITY[sdk=iphoneos*]" = "iPhone Developer";
				COPY_PHASE_STRIP = NO;
				DEBUG_INFORMATION_FORMAT = "dwarf-with-dsym";
				ENABLE_NS_ASSERTIONS = NO;
				ENABLE_STRICT_OBJC_MSGSEND = YES;
				GCC_C_LANGUAGE_STANDARD = gnu99;
				GCC_NO_COMMON_BLOCKS = YES;
				GCC_WARN_64_TO_32_BIT_CONVERSION = YES;
				GCC_WARN_ABOUT_RETURN_TYPE = YES_ERROR;
				GCC_WARN_UNDECLARED_SELECTOR = YES;
				GCC_WARN_UNINITIALIZED_AUTOS = YES_AGGRESSIVE;
				GCC_WARN_UNUSED_FUNCTION = YES;
				GCC_WARN_UNUSED_VARIABLE = YES;
				IPHONEOS_DEPLOYMENT_TARGET = 10.0;
				MTL_ENABLE_DEBUG_INFO = NO;
				SDKROOT = iphoneos;
				SWIFT_OPTIMIZATION_LEVEL = "-Owholemodule";
				TARGETED_DEVICE_FAMILY = 2;
				VALIDATE_PRODUCT = YES;
			};
			name = Release;
		};
		6DEBF4091D49EDD400E89B31 /* Debug */ = {
			isa = XCBuildConfiguration;
			buildSettings = {
				ASSETCATALOG_COMPILER_APPICON_NAME = AppIcon;
				INFOPLIST_FILE = SocialApp/Info.plist;
				LD_RUNPATH_SEARCH_PATHS = "$(inherited) @executable_path/Frameworks";
				PRODUCT_BUNDLE_IDENTIFIER = com.mattknott.SocialApp;
				PRODUCT_NAME = "$(TARGET_NAME)";
				SWIFT_VERSION = 3.0;
			};
			name = Debug;
		};
		6DEBF40A1D49EDD400E89B31 /* Release */ = {
			isa = XCBuildConfiguration;
			buildSettings = {
				ASSETCATALOG_COMPILER_APPICON_NAME = AppIcon;
				INFOPLIST_FILE = SocialApp/Info.plist;
				LD_RUNPATH_SEARCH_PATHS = "$(inherited) @executable_path/Frameworks";
				PRODUCT_BUNDLE_IDENTIFIER = com.mattknott.SocialApp;
				PRODUCT_NAME = "$(TARGET_NAME)";
				SWIFT_VERSION = 3.0;
			};
			name = Release;
		};
/* End XCBuildConfiguration section */

/* Begin XCConfigurationList section */
		6DEBF3F11D49EDD300E89B31 /* Build configuration list for PBXProject "SocialApp" */ = {
			isa = XCConfigurationList;
			buildConfigurations = (
				6DEBF4061D49EDD400E89B31 /* Debug */,
				6DEBF4071D49EDD400E89B31 /* Release */,
			);
			defaultConfigurationIsVisible = 0;
			defaultConfigurationName = Release;
		};
		6DEBF4081D49EDD400E89B31 /* Build configuration list for PBXNativeTarget "SocialApp" */ = {
			isa = XCConfigurationList;
			buildConfigurations = (
				6DEBF4091D49EDD400E89B31 /* Debug */,
				6DEBF40A1D49EDD400E89B31 /* Release */,
			);
			defaultConfigurationIsVisible = 0;
		};
/* End XCConfigurationList section */
	};
	rootObject = 6DEBF3EE1D49EDD300E89B31 /* Project object */;
}
